{
    "version": 3,
    "terraform_version": "0.9.11",
    "serial": 34,
    "lineage": "a9e7ed8b-3ae0-45d8-bc0d-37381d653198",
    "modules": [
        {
            "path": [
                "root"
            ],
            "outputs": {
                "toggle-service-dark": {
                    "sensitive": false,
                    "type": "map",
                    "value": {
                        "asg_name": "toggle-service-ROGUE-628-dark-terraform-00e0269027400ccf66bc29874c",
                        "component": "dark",
                        "elb_hostname": "toggle-service-ROGUE-628-dark-1142657535.us-east-1.elb.amazonaws.com",
                        "elb_name": "toggle-service-ROGUE-628-dark",
                        "fqdn": "dark.toggle-service-rogue-628.dev.o5a.hbccommon.private.hbc.com",
                        "log_group": "toggle-service-ROGUE-628-dark"
                    }
                },
                "toggle-service-live": {
                    "sensitive": false,
                    "type": "map",
                    "value": {
                        "app_name": "toggle-service",
                        "asg_name": "toggle-service-ROGUE-628-live-terraform-00e0269027400ccf66bc29874d",
                        "component": "live",
                        "elb_hostname": "toggle-service-ROGUE-628-live-1956951890.us-east-1.elb.amazonaws.com",
                        "elb_name": "toggle-service-ROGUE-628-live",
                        "fqdn": "live.toggle-service-rogue-628.dev.o5a.hbccommon.private.hbc.com",
                        "log_group": "toggle-service-ROGUE-628-live"
                    }
                }
            },
            "resources": {
                "data.terraform_remote_state.mongo": {
                    "type": "terraform_remote_state",
                    "depends_on": [],
                    "primary": {
                        "id": "2017-08-23 19:07:49.612908646 +0000 UTC",
                        "attributes": {
                            "backend": "s3",
                            "config.%": "3",
                            "config.bucket": "rogue-infra",
                            "config.key": "terraform/concourse/mongo-rs",
                            "config.region": "us-east-1",
                            "db_name": "toggle",
                            "db_password_key": "mongoPassword",
                            "db_username": "username",
                            "environment": "ROGUE-628",
                            "id": "2017-08-23 19:07:49.612908646 +0000 UTC",
                            "ip": "172.26.112.33"
                        },
                        "meta": {},
                        "tainted": false
                    },
                    "deposed": [],
                    "provider": ""
                }
            },
            "depends_on": []
        },
        {
            "path": [
                "root",
                "cpu_alarm"
            ],
            "outputs": {},
            "resources": {
                "data.aws_sns_topic.pager_duty": {
                    "type": "aws_sns_topic",
                    "depends_on": [],
                    "primary": {
                        "id": "2017-08-23 19:07:49.553523725 +0000 UTC",
                        "attributes": {
                            "arn": "arn:aws:sns:us-east-1:195056086334:pager_duty",
                            "id": "2017-08-23 19:07:49.553523725 +0000 UTC",
                            "name": "pager_duty"
                        },
                        "meta": {},
                        "tainted": false
                    },
                    "deposed": [],
                    "provider": ""
                }
            },
            "depends_on": []
        },
        {
            "path": [
                "root",
                "health_alarm"
            ],
            "outputs": {},
            "resources": {
                "data.aws_sns_topic.pager_duty": {
                    "type": "aws_sns_topic",
                    "depends_on": [],
                    "primary": {
                        "id": "2017-08-23 19:07:49.522027136 +0000 UTC",
                        "attributes": {
                            "arn": "arn:aws:sns:us-east-1:195056086334:pager_duty",
                            "id": "2017-08-23 19:07:49.522027136 +0000 UTC",
                            "name": "pager_duty"
                        },
                        "meta": {},
                        "tainted": false
                    },
                    "deposed": [],
                    "provider": ""
                }
            },
            "depends_on": []
        },
        {
            "path": [
                "root",
                "logging_alarm"
            ],
            "outputs": {},
            "resources": {
                "data.aws_sns_topic.pager_duty": {
                    "type": "aws_sns_topic",
                    "depends_on": [],
                    "primary": {
                        "id": "2017-08-23 19:07:49.518161533 +0000 UTC",
                        "attributes": {
                            "arn": "arn:aws:sns:us-east-1:195056086334:pager_duty",
                            "id": "2017-08-23 19:07:49.518161533 +0000 UTC",
                            "name": "pager_duty"
                        },
                        "meta": {},
                        "tainted": false
                    },
                    "deposed": [],
                    "provider": ""
                }
            },
            "depends_on": []
        },
        {
            "path": [
                "root",
                "toggle-service"
            ],
            "outputs": {
                "dark_component": {
                    "sensitive": false,
                    "type": "map",
                    "value": {
                        "asg_name": "toggle-service-ROGUE-628-dark-terraform-00e0269027400ccf66bc29874c",
                        "component": "dark",
                        "elb_hostname": "toggle-service-ROGUE-628-dark-1142657535.us-east-1.elb.amazonaws.com",
                        "elb_name": "toggle-service-ROGUE-628-dark",
                        "fqdn": "dark.toggle-service-rogue-628.dev.o5a.hbccommon.private.hbc.com",
                        "log_group": "toggle-service-ROGUE-628-dark"
                    }
                },
                "live_component": {
                    "sensitive": false,
                    "type": "map",
                    "value": {
                        "app_name": "toggle-service",
                        "asg_name": "toggle-service-ROGUE-628-live-terraform-00e0269027400ccf66bc29874d",
                        "component": "live",
                        "elb_hostname": "toggle-service-ROGUE-628-live-1956951890.us-east-1.elb.amazonaws.com",
                        "elb_name": "toggle-service-ROGUE-628-live",
                        "fqdn": "live.toggle-service-rogue-628.dev.o5a.hbccommon.private.hbc.com",
                        "log_group": "toggle-service-ROGUE-628-live"
                    }
                },
                "ping_path": {
                    "sensitive": false,
                    "type": "string",
                    "value": "/v1/toggle-service"
                }
            },
            "resources": {},
            "depends_on": []
        },
        {
            "path": [
                "root",
                "toggle-service",
                "dark"
            ],
            "outputs": {
                "app_name": {
                    "sensitive": false,
                    "type": "string",
                    "value": "toggle-service"
                },
                "asg_name": {
                    "sensitive": false,
                    "type": "string",
                    "value": "toggle-service-ROGUE-628-dark-terraform-00e0269027400ccf66bc29874c"
                },
                "component": {
                    "sensitive": false,
                    "type": "string",
                    "value": "dark"
                },
                "elb_hostname": {
                    "sensitive": false,
                    "type": "string",
                    "value": "toggle-service-ROGUE-628-dark-1142657535.us-east-1.elb.amazonaws.com"
                },
                "elb_name": {
                    "sensitive": false,
                    "type": "string",
                    "value": "toggle-service-ROGUE-628-dark"
                },
                "fqdn": {
                    "sensitive": false,
                    "type": "string",
                    "value": "dark.toggle-service-rogue-628.dev.o5a.hbccommon.private.hbc.com"
                },
                "log_group": {
                    "sensitive": false,
                    "type": "string",
                    "value": "toggle-service-ROGUE-628-dark"
                },
                "ping_path": {
                    "sensitive": false,
                    "type": "string",
                    "value": "/v1/toggle-service"
                }
            },
            "resources": {
                "aws_autoscaling_group.asg": {
                    "type": "aws_autoscaling_group",
                    "depends_on": [
                        "aws_elb.elb",
                        "aws_launch_configuration.lc"
                    ],
                    "primary": {
                        "id": "toggle-service-ROGUE-628-dark-terraform-00e0269027400ccf66bc29874c",
                        "attributes": {
                            "arn": "arn:aws:autoscaling:us-east-1:195056086334:autoScalingGroup:97d74b91-e33a-4936-8b27-ed18674294d6:autoScalingGroupName/toggle-service-ROGUE-628-dark-terraform-00e0269027400ccf66bc29874c",
                            "availability_zones.#": "2",
                            "availability_zones.1305112097": "us-east-1b",
                            "availability_zones.3569565595": "us-east-1a",
                            "default_cooldown": "300",
                            "desired_capacity": "1",
                            "force_delete": "false",
                            "health_check_grace_period": "300",
                            "health_check_type": "EC2",
                            "id": "toggle-service-ROGUE-628-dark-terraform-00e0269027400ccf66bc29874c",
                            "launch_configuration": "terraform-00e0269027400ccf66bc29874c",
                            "load_balancers.#": "1",
                            "load_balancers.1542375047": "toggle-service-ROGUE-628-dark",
                            "max_size": "1",
                            "metrics_granularity": "1Minute",
                            "min_size": "1",
                            "name": "toggle-service-ROGUE-628-dark-terraform-00e0269027400ccf66bc29874c",
                            "placement_group": "",
                            "protect_from_scale_in": "false",
                            "suspended_processes.#": "0",
                            "tag.#": "4",
                            "tag.1630662809.key": "Name",
                            "tag.1630662809.propagate_at_launch": "true",
                            "tag.1630662809.value": "toggle-service-ROGUE-628-dark",
                            "tag.1670298754.key": "hbc_banner",
                            "tag.1670298754.propagate_at_launch": "true",
                            "tag.1670298754.value": "o5a",
                            "tag.3448338504.key": "hbc_group",
                            "tag.3448338504.propagate_at_launch": "true",
                            "tag.3448338504.value": "rogue-squadron",
                            "tag.3517521161.key": "hbc_env",
                            "tag.3517521161.propagate_at_launch": "true",
                            "tag.3517521161.value": "dev",
                            "target_group_arns.#": "0",
                            "termination_policies.#": "0",
                            "vpc_zone_identifier.#": "2",
                            "vpc_zone_identifier.1437409657": "subnet-7beca033",
                            "vpc_zone_identifier.836940805": "subnet-809e0aac",
                            "wait_for_capacity_timeout": "10m",
                            "wait_for_elb_capacity": "1"
                        },
                        "meta": {},
                        "tainted": false
                    },
                    "deposed": [],
                    "provider": ""
                },
                "aws_cloudwatch_log_group.log_group": {
                    "type": "aws_cloudwatch_log_group",
                    "depends_on": [],
                    "primary": {
                        "id": "toggle-service-ROGUE-628-dark",
                        "attributes": {
                            "arn": "arn:aws:logs:us-east-1:195056086334:log-group:toggle-service-ROGUE-628-dark:*",
                            "id": "toggle-service-ROGUE-628-dark",
                            "name": "toggle-service-ROGUE-628-dark",
                            "retention_in_days": "0",
                            "tags.%": "3",
                            "tags.hbc_banner": "o5a",
                            "tags.hbc_env": "dev",
                            "tags.hbc_group": "rogue-squadron"
                        },
                        "meta": {},
                        "tainted": false
                    },
                    "deposed": [],
                    "provider": ""
                },
                "aws_elb.elb": {
                    "type": "aws_elb",
                    "depends_on": [],
                    "primary": {
                        "id": "toggle-service-ROGUE-628-dark",
                        "attributes": {
                            "access_logs.#": "0",
                            "availability_zones.#": "2",
                            "availability_zones.1305112097": "us-east-1b",
                            "availability_zones.3569565595": "us-east-1a",
                            "connection_draining": "false",
                            "connection_draining_timeout": "300",
                            "cross_zone_load_balancing": "true",
                            "dns_name": "toggle-service-ROGUE-628-dark-1142657535.us-east-1.elb.amazonaws.com",
                            "health_check.#": "1",
                            "health_check.0.healthy_threshold": "2",
                            "health_check.0.interval": "5",
                            "health_check.0.target": "HTTP:9860/v1/toggle-service",
                            "health_check.0.timeout": "3",
                            "health_check.0.unhealthy_threshold": "2",
                            "id": "toggle-service-ROGUE-628-dark",
                            "idle_timeout": "60",
                            "instances.#": "1",
                            "instances.814169186": "i-0c29c8deada7a0b1e",
                            "internal": "false",
                            "listener.#": "1",
                            "listener.1808423601.instance_port": "9860",
                            "listener.1808423601.instance_protocol": "http",
                            "listener.1808423601.lb_port": "80",
                            "listener.1808423601.lb_protocol": "http",
                            "listener.1808423601.ssl_certificate_id": "",
                            "name": "toggle-service-ROGUE-628-dark",
                            "security_groups.#": "1",
                            "security_groups.916553409": "sg-c70f37b6",
                            "source_security_group": "195056086334/rogue_squadron_private_load_balancer",
                            "source_security_group_id": "sg-c70f37b6",
                            "subnets.#": "2",
                            "subnets.1195353774": "subnet-ced39f86",
                            "subnets.1774070674": "subnet-e88612c4",
                            "tags.%": "3",
                            "tags.hbc_banner": "o5a",
                            "tags.hbc_env": "dev",
                            "tags.hbc_group": "rogue-squadron",
                            "zone_id": "Z35SXDOTRQ7X7K"
                        },
                        "meta": {},
                        "tainted": false
                    },
                    "deposed": [],
                    "provider": ""
                },
                "aws_iam_instance_profile.instance_profile": {
                    "type": "aws_iam_instance_profile",
                    "depends_on": [
                        "aws_iam_role.role"
                    ],
                    "primary": {
                        "id": "toggle-service-ROGUE-628-dark-dev-o5a-instance-profile",
                        "attributes": {
                            "arn": "arn:aws:iam::195056086334:instance-profile/toggle-service-ROGUE-628-dark-dev-o5a-instance-profile",
                            "id": "toggle-service-ROGUE-628-dark-dev-o5a-instance-profile",
                            "name": "toggle-service-ROGUE-628-dark-dev-o5a-instance-profile",
                            "path": "/",
                            "role": "toggle-service-ROGUE-628-dark-dev-o5a-role",
                            "roles.#": "0",
                            "unique_id": "AIPAI3BEEOS7PGFEFSCWC"
                        },
                        "meta": {},
                        "tainted": false
                    },
                    "deposed": [],
                    "provider": ""
                },
                "aws_iam_role.role": {
                    "type": "aws_iam_role",
                    "depends_on": [
                        "data.aws_iam_policy_document.role_doc"
                    ],
                    "primary": {
                        "id": "toggle-service-ROGUE-628-dark-dev-o5a-role",
                        "attributes": {
                            "arn": "arn:aws:iam::195056086334:role/toggle-service-ROGUE-628-dark-dev-o5a-role",
                            "assume_role_policy": "{\"Version\":\"2012-10-17\",\"Statement\":[{\"Sid\":\"\",\"Effect\":\"Allow\",\"Principal\":{\"Service\":\"ec2.amazonaws.com\"},\"Action\":\"sts:AssumeRole\"}]}",
                            "create_date": "2017-08-23T18:59:26Z",
                            "id": "toggle-service-ROGUE-628-dark-dev-o5a-role",
                            "name": "toggle-service-ROGUE-628-dark-dev-o5a-role",
                            "path": "/",
                            "unique_id": "AROAJ5JEE2GJOHN6BDHXS"
                        },
                        "meta": {},
                        "tainted": false
                    },
                    "deposed": [],
                    "provider": ""
                },
                "aws_iam_role_policy.iam_role_policy": {
                    "type": "aws_iam_role_policy",
                    "depends_on": [
                        "aws_iam_role.role",
                        "data.aws_iam_policy_document.role_policy_doc"
                    ],
                    "primary": {
                        "id": "toggle-service-ROGUE-628-dark-dev-o5a-role:toggle-service-ROGUE-628-dark-dev-o5a-role-policy",
                        "attributes": {
                            "id": "toggle-service-ROGUE-628-dark-dev-o5a-role:toggle-service-ROGUE-628-dark-dev-o5a-role-policy",
                            "name": "toggle-service-ROGUE-628-dark-dev-o5a-role-policy",
                            "policy": "{\n  \"Version\": \"2012-10-17\",\n  \"Statement\": [\n    {\n      \"Sid\": \"\",\n      \"Effect\": \"Allow\",\n      \"Action\": \"ssm:*\",\n      \"Resource\": \"arn:aws:ssm:us-east-1:195056086334:parameter/toggle-service/o5a/dev/*\"\n    },\n    {\n      \"Sid\": \"\",\n      \"Effect\": \"Allow\",\n      \"Action\": \"ssm:*\",\n      \"Resource\": \"arn:aws:ssm:us-east-1:195056086334:parameter/artifactory2.*\"\n    },\n    {\n      \"Sid\": \"\",\n      \"Effect\": \"Allow\",\n      \"Action\": \"logs:*\",\n      \"Resource\": \"arn:aws:logs:us-east-1:195056086334:log-group:toggle-service-ROGUE-628-dark:*\"\n    },\n    {\n      \"Sid\": \"\",\n      \"Effect\": \"Allow\",\n      \"Action\": \"kms:Decrypt\",\n      \"Resource\": \"arn:aws:kms:us-east-1:195056086334:key/57b7e9e3-50a7-4f11-9731-b4b399e9558e\"\n    }\n  ]\n}",
                            "role": "toggle-service-ROGUE-628-dark-dev-o5a-role"
                        },
                        "meta": {},
                        "tainted": false
                    },
                    "deposed": [],
                    "provider": ""
                },
                "aws_launch_configuration.lc": {
                    "type": "aws_launch_configuration",
                    "depends_on": [
                        "aws_iam_instance_profile.instance_profile",
                        "data.aws_ami.amazon",
                        "data.template_file.userdata"
                    ],
                    "primary": {
                        "id": "terraform-00e0269027400ccf66bc29874c",
                        "attributes": {
                            "associate_public_ip_address": "false",
                            "ebs_block_device.#": "0",
                            "ebs_optimized": "false",
                            "enable_monitoring": "true",
                            "ephemeral_block_device.#": "0",
                            "iam_instance_profile": "toggle-service-ROGUE-628-dark-dev-o5a-instance-profile",
                            "id": "terraform-00e0269027400ccf66bc29874c",
                            "image_id": "ami-bd0111ab",
                            "instance_type": "t2.micro",
                            "key_name": "rogue_squadron_shared",
                            "name": "terraform-00e0269027400ccf66bc29874c",
                            "root_block_device.#": "0",
                            "security_groups.#": "1",
                            "security_groups.2434876198": "sg-400f3731",
                            "spot_price": "",
                            "user_data": "3af42d03fdc0d8df18d1a3710f5fe64f576e3d69",
                            "vpc_classic_link_id": "",
                            "vpc_classic_link_security_groups.#": "0"
                        },
                        "meta": {},
                        "tainted": false
                    },
                    "deposed": [],
                    "provider": ""
                },
                "aws_route53_record.entry": {
                    "type": "aws_route53_record",
                    "depends_on": [
                        "aws_elb.elb",
                        "data.aws_route53_zone.zone"
                    ],
                    "primary": {
                        "id": "Z3M6ZF4LCNB7AH_dark.toggle-service-rogue-628.dev.o5a.hbccommon.private.hbc.com_A",
                        "attributes": {
                            "alias.#": "1",
                            "alias.1885790744.evaluate_target_health": "false",
                            "alias.1885790744.name": "toggle-service-rogue-628-dark-1142657535.us-east-1.elb.amazonaws.com",
                            "alias.1885790744.zone_id": "Z35SXDOTRQ7X7K",
                            "fqdn": "dark.toggle-service-rogue-628.dev.o5a.hbccommon.private.hbc.com",
                            "health_check_id": "",
                            "id": "Z3M6ZF4LCNB7AH_dark.toggle-service-rogue-628.dev.o5a.hbccommon.private.hbc.com_A",
                            "name": "dark.toggle-service-rogue-628.dev.o5a.hbccommon.private.hbc.com",
                            "records.#": "0",
                            "set_identifier": "",
                            "ttl": "0",
                            "type": "A",
                            "zone_id": "Z3M6ZF4LCNB7AH"
                        },
                        "meta": {
                            "schema_version": "2"
                        },
                        "tainted": false
                    },
                    "deposed": [],
                    "provider": ""
                },
                "data.aws_ami.amazon": {
                    "type": "aws_ami",
                    "depends_on": [],
                    "primary": {
                        "id": "ami-bd0111ab",
                        "attributes": {
                            "architecture": "x86_64",
                            "block_device_mappings.#": "1",
                            "block_device_mappings.340275815.device_name": "/dev/xvda",
                            "block_device_mappings.340275815.ebs.%": "6",
                            "block_device_mappings.340275815.ebs.delete_on_termination": "true",
                            "block_device_mappings.340275815.ebs.encrypted": "false",
                            "block_device_mappings.340275815.ebs.iops": "0",
                            "block_device_mappings.340275815.ebs.snapshot_id": "snap-600fa176",
                            "block_device_mappings.340275815.ebs.volume_size": "8",
                            "block_device_mappings.340275815.ebs.volume_type": "gp2",
                            "block_device_mappings.340275815.no_device": "",
                            "block_device_mappings.340275815.virtual_name": "",
                            "creation_date": "2017-07-20T15:22:53.000Z",
                            "description": "Amazon Linux with docker-compose and jq",
                            "filter.#": "1",
                            "filter.363732603.name": "name",
                            "filter.363732603.values.#": "1",
                            "filter.363732603.values.0": "ec2_instance_of_doom",
                            "hypervisor": "xen",
                            "id": "ami-bd0111ab",
                            "image_id": "ami-bd0111ab",
                            "image_location": "195056086334/ec2_instance_of_doom",
                            "image_type": "machine",
                            "most_recent": "false",
                            "name": "ec2_instance_of_doom",
                            "owner_id": "195056086334",
                            "owners.#": "1",
                            "owners.0": "195056086334",
                            "product_codes.#": "0",
                            "public": "false",
                            "root_device_name": "/dev/xvda",
                            "root_device_type": "ebs",
                            "sriov_net_support": "simple",
                            "state": "available",
                            "state_reason.%": "2",
                            "state_reason.code": "UNSET",
                            "state_reason.message": "UNSET",
                            "tags.#": "0",
                            "virtualization_type": "hvm"
                        },
                        "meta": {},
                        "tainted": false
                    },
                    "deposed": [],
                    "provider": ""
                },
                "data.aws_iam_policy_document.key_doc": {
                    "type": "aws_iam_policy_document",
                    "depends_on": [],
                    "primary": {
                        "id": "507348201",
                        "attributes": {
                            "id": "507348201",
                            "json": "{\n  \"Version\": \"2012-10-17\",\n  \"Statement\": [\n    {\n      \"Sid\": \"\",\n      \"Effect\": \"Allow\",\n      \"Action\": \"kms:*\",\n      \"Resource\": \"*\",\n      \"Principal\": {\n        \"AWS\": \"arn:aws:iam::195056086334:root\"\n      }\n    }\n  ]\n}",
                            "statement.#": "1",
                            "statement.0.actions.#": "1",
                            "statement.0.actions.1011197950": "kms:*",
                            "statement.0.condition.#": "0",
                            "statement.0.effect": "Allow",
                            "statement.0.not_actions.#": "0",
                            "statement.0.not_principals.#": "0",
                            "statement.0.not_resources.#": "0",
                            "statement.0.principals.#": "1",
                            "statement.0.principals.3429249134.identifiers.#": "1",
                            "statement.0.principals.3429249134.identifiers.882005846": "arn:aws:iam::195056086334:root",
                            "statement.0.principals.3429249134.type": "AWS",
                            "statement.0.resources.#": "1",
                            "statement.0.resources.2679715827": "*",
                            "statement.0.sid": ""
                        },
                        "meta": {},
                        "tainted": false
                    },
                    "deposed": [],
                    "provider": ""
                },
                "data.aws_iam_policy_document.role_doc": {
                    "type": "aws_iam_policy_document",
                    "depends_on": [],
                    "primary": {
                        "id": "1903849331",
                        "attributes": {
                            "id": "1903849331",
                            "json": "{\n  \"Version\": \"2012-10-17\",\n  \"Statement\": [\n    {\n      \"Sid\": \"\",\n      \"Effect\": \"Allow\",\n      \"Action\": \"sts:AssumeRole\",\n      \"Principal\": {\n        \"Service\": \"ec2.amazonaws.com\"\n      }\n    }\n  ]\n}",
                            "statement.#": "1",
                            "statement.0.actions.#": "1",
                            "statement.0.actions.2528466339": "sts:AssumeRole",
                            "statement.0.condition.#": "0",
                            "statement.0.effect": "Allow",
                            "statement.0.not_actions.#": "0",
                            "statement.0.not_principals.#": "0",
                            "statement.0.not_resources.#": "0",
                            "statement.0.principals.#": "1",
                            "statement.0.principals.1134724139.identifiers.#": "1",
                            "statement.0.principals.1134724139.identifiers.3655884555": "ec2.amazonaws.com",
                            "statement.0.principals.1134724139.type": "Service",
                            "statement.0.resources.#": "0",
                            "statement.0.sid": ""
                        },
                        "meta": {},
                        "tainted": false
                    },
                    "deposed": [],
                    "provider": ""
                },
                "data.aws_iam_policy_document.role_policy_doc": {
                    "type": "aws_iam_policy_document",
                    "depends_on": [
                        "aws_cloudwatch_log_group.log_group"
                    ],
                    "primary": {
                        "id": "1678533382",
                        "attributes": {
                            "id": "1678533382",
                            "json": "{\n  \"Version\": \"2012-10-17\",\n  \"Statement\": [\n    {\n      \"Sid\": \"\",\n      \"Effect\": \"Allow\",\n      \"Action\": \"ssm:*\",\n      \"Resource\": \"arn:aws:ssm:us-east-1:195056086334:parameter/toggle-service/o5a/dev/*\"\n    },\n    {\n      \"Sid\": \"\",\n      \"Effect\": \"Allow\",\n      \"Action\": \"ssm:*\",\n      \"Resource\": \"arn:aws:ssm:us-east-1:195056086334:parameter/artifactory2.*\"\n    },\n    {\n      \"Sid\": \"\",\n      \"Effect\": \"Allow\",\n      \"Action\": \"logs:*\",\n      \"Resource\": \"arn:aws:logs:us-east-1:195056086334:log-group:toggle-service-ROGUE-628-dark:*\"\n    },\n    {\n      \"Sid\": \"\",\n      \"Effect\": \"Allow\",\n      \"Action\": \"kms:Decrypt\",\n      \"Resource\": \"arn:aws:kms:us-east-1:195056086334:key/57b7e9e3-50a7-4f11-9731-b4b399e9558e\"\n    }\n  ]\n}",
                            "statement.#": "4",
                            "statement.0.actions.#": "1",
                            "statement.0.actions.3168153159": "ssm:*",
                            "statement.0.condition.#": "0",
                            "statement.0.effect": "Allow",
                            "statement.0.not_actions.#": "0",
                            "statement.0.not_principals.#": "0",
                            "statement.0.not_resources.#": "0",
                            "statement.0.principals.#": "0",
                            "statement.0.resources.#": "1",
                            "statement.0.resources.3980450249": "arn:aws:ssm:us-east-1:195056086334:parameter/toggle-service/o5a/dev/*",
                            "statement.0.sid": "",
                            "statement.1.actions.#": "1",
                            "statement.1.actions.3168153159": "ssm:*",
                            "statement.1.condition.#": "0",
                            "statement.1.effect": "Allow",
                            "statement.1.not_actions.#": "0",
                            "statement.1.not_principals.#": "0",
                            "statement.1.not_resources.#": "0",
                            "statement.1.principals.#": "0",
                            "statement.1.resources.#": "1",
                            "statement.1.resources.110129497": "arn:aws:ssm:us-east-1:195056086334:parameter/artifactory2.*",
                            "statement.1.sid": "",
                            "statement.2.actions.#": "1",
                            "statement.2.actions.2380047621": "logs:*",
                            "statement.2.condition.#": "0",
                            "statement.2.effect": "Allow",
                            "statement.2.not_actions.#": "0",
                            "statement.2.not_principals.#": "0",
                            "statement.2.not_resources.#": "0",
                            "statement.2.principals.#": "0",
                            "statement.2.resources.#": "1",
                            "statement.2.resources.3117938205": "arn:aws:logs:us-east-1:195056086334:log-group:toggle-service-ROGUE-628-dark:*",
                            "statement.2.sid": "",
                            "statement.3.actions.#": "1",
                            "statement.3.actions.3733000735": "kms:Decrypt",
                            "statement.3.condition.#": "0",
                            "statement.3.effect": "Allow",
                            "statement.3.not_actions.#": "0",
                            "statement.3.not_principals.#": "0",
                            "statement.3.not_resources.#": "0",
                            "statement.3.principals.#": "0",
                            "statement.3.resources.#": "1",
                            "statement.3.resources.2936581089": "arn:aws:kms:us-east-1:195056086334:key/57b7e9e3-50a7-4f11-9731-b4b399e9558e",
                            "statement.3.sid": ""
                        },
                        "meta": {},
                        "tainted": false
                    },
                    "deposed": [],
                    "provider": ""
                },
                "data.aws_route53_zone.zone": {
                    "type": "aws_route53_zone",
                    "depends_on": [],
                    "primary": {
                        "id": "Z3M6ZF4LCNB7AH",
                        "attributes": {
                            "caller_reference": "9B9837EE-DD95-22C9-BB3A-7107892CC4AF",
                            "comment": "",
                            "id": "Z3M6ZF4LCNB7AH",
                            "name": "hbccommon.private.hbc.com.",
                            "private_zone": "false",
                            "resource_record_set_count": "46",
                            "zone_id": "Z3M6ZF4LCNB7AH"
                        },
                        "meta": {},
                        "tainted": false
                    },
                    "deposed": [],
                    "provider": ""
                },
                "data.template_file.docker-compose": {
                    "type": "template_file",
                    "depends_on": [
                        "aws_cloudwatch_log_group.log_group",
                        "data.template_file.env_vars.*"
                    ],
                    "primary": {
                        "id": "4467e7f294cebf7bec33dbb02b79857aa058332f0b6d3c70d089189d6d615175",
                        "attributes": {
                            "id": "4467e7f294cebf7bec33dbb02b79857aa058332f0b6d3c70d089189d6d615175",
                            "rendered": "version: '3'\nservices:\n  toggle-service:\n    container_name: toggle-service\n    image: hbc-docker.jfrog.io/toggle-service:fbdbfae\n    restart: always\n    ports:\n      - 9860:9860\n    environment:\n    - APP_NAME=toggle-service\n    - HBC_BANNER=o5a\n    - HBC_ENV=dev\n    - MONGO_DB_NAME=toggle\n    - MONGO_HOST=172.26.112.33/toggle\n    - MONGO_PASSWORD_SECRET_KEY=mongoPassword\n    - MONGO_USER=username\n    - NEW_RELIC_APP_NAME=toggle-service-ROGUE-628_aws_stqa_saks\n    - NEW_RELIC_LICENSE_KEY=\n\n    logging:\n        driver: awslogs\n        options:\n          awslogs-region: us-east-1\n          awslogs-group: toggle-service-ROGUE-628-dark\n          tag: rogue-squadron-dev\n",
                            "template": "version: '3'\nservices:\n  toggle-service:\n    container_name: toggle-service\n    image: hbc-docker.jfrog.io/toggle-service:fbdbfae\n    restart: always\n    ports:\n      - 9860:9860\n    environment:\n    - APP_NAME=toggle-service\n    - HBC_BANNER=o5a\n    - HBC_ENV=dev\n    - MONGO_DB_NAME=toggle\n    - MONGO_HOST=172.26.112.33/toggle\n    - MONGO_PASSWORD_SECRET_KEY=mongoPassword\n    - MONGO_USER=username\n    - NEW_RELIC_APP_NAME=toggle-service-ROGUE-628_aws_stqa_saks\n    - NEW_RELIC_LICENSE_KEY=\n\n    logging:\n        driver: awslogs\n        options:\n          awslogs-region: us-east-1\n          awslogs-group: toggle-service-ROGUE-628-dark\n          tag: rogue-squadron-dev\n"
                        },
                        "meta": {},
                        "tainted": false
                    },
                    "deposed": [],
                    "provider": ""
                },
                "data.template_file.env_vars.0": {
                    "type": "template_file",
                    "depends_on": [],
                    "primary": {
                        "id": "a3949d026492b9d2133df572ad2b046649418a11cf3478122e50c8974121ff6e",
                        "attributes": {
                            "id": "a3949d026492b9d2133df572ad2b046649418a11cf3478122e50c8974121ff6e",
                            "rendered": "    - APP_NAME=toggle-service\n",
                            "template": "    - APP_NAME=toggle-service\n"
                        },
                        "meta": {},
                        "tainted": false
                    },
                    "deposed": [],
                    "provider": ""
                },
                "data.template_file.env_vars.1": {
                    "type": "template_file",
                    "depends_on": [],
                    "primary": {
                        "id": "fcd48aa04a144bcb1739a644d4380ebc1007e20c19d743809ced91ba409c81a9",
                        "attributes": {
                            "id": "fcd48aa04a144bcb1739a644d4380ebc1007e20c19d743809ced91ba409c81a9",
                            "rendered": "    - HBC_BANNER=o5a\n",
                            "template": "    - HBC_BANNER=o5a\n"
                        },
                        "meta": {},
                        "tainted": false
                    },
                    "deposed": [],
                    "provider": ""
                },
                "data.template_file.env_vars.2": {
                    "type": "template_file",
                    "depends_on": [],
                    "primary": {
                        "id": "46ff300d7ab07847511052cf40ae238adaeb77bb34b0e89a6360f518d0d72099",
                        "attributes": {
                            "id": "46ff300d7ab07847511052cf40ae238adaeb77bb34b0e89a6360f518d0d72099",
                            "rendered": "    - HBC_ENV=dev\n",
                            "template": "    - HBC_ENV=dev\n"
                        },
                        "meta": {},
                        "tainted": false
                    },
                    "deposed": [],
                    "provider": ""
                },
                "data.template_file.env_vars.3": {
                    "type": "template_file",
                    "depends_on": [],
                    "primary": {
                        "id": "6f5dea43fde25f04f2c86fa8339df19663d1dc24a7d25b0b4f6a00f85446c509",
                        "attributes": {
                            "id": "6f5dea43fde25f04f2c86fa8339df19663d1dc24a7d25b0b4f6a00f85446c509",
                            "rendered": "    - MONGO_DB_NAME=toggle\n",
                            "template": "    - MONGO_DB_NAME=toggle\n"
                        },
                        "meta": {},
                        "tainted": false
                    },
                    "deposed": [],
                    "provider": ""
                },
                "data.template_file.env_vars.4": {
                    "type": "template_file",
                    "depends_on": [],
                    "primary": {
                        "id": "fed359475045e60116ae225548e3df365bdd483a19b24807ee802e336c070f77",
                        "attributes": {
                            "id": "fed359475045e60116ae225548e3df365bdd483a19b24807ee802e336c070f77",
                            "rendered": "    - MONGO_HOST=172.26.112.33/toggle\n",
                            "template": "    - MONGO_HOST=172.26.112.33/toggle\n"
                        },
                        "meta": {},
                        "tainted": false
                    },
                    "deposed": [],
                    "provider": ""
                },
                "data.template_file.env_vars.5": {
                    "type": "template_file",
                    "depends_on": [],
                    "primary": {
                        "id": "2c73717b3daa79e6af5e3be19b842662dd4663862dedd5da3c5a2359f330b844",
                        "attributes": {
                            "id": "2c73717b3daa79e6af5e3be19b842662dd4663862dedd5da3c5a2359f330b844",
                            "rendered": "    - MONGO_PASSWORD_SECRET_KEY=mongoPassword\n",
                            "template": "    - MONGO_PASSWORD_SECRET_KEY=mongoPassword\n"
                        },
                        "meta": {},
                        "tainted": false
                    },
                    "deposed": [],
                    "provider": ""
                },
                "data.template_file.env_vars.6": {
                    "type": "template_file",
                    "depends_on": [],
                    "primary": {
                        "id": "cee22ff50cb2346bc1f02ab10b7a3ca6b4ac8a54736c1b26cf3600517134e42c",
                        "attributes": {
                            "id": "cee22ff50cb2346bc1f02ab10b7a3ca6b4ac8a54736c1b26cf3600517134e42c",
                            "rendered": "    - MONGO_USER=username\n",
                            "template": "    - MONGO_USER=username\n"
                        },
                        "meta": {},
                        "tainted": false
                    },
                    "deposed": [],
                    "provider": ""
                },
                "data.template_file.env_vars.7": {
                    "type": "template_file",
                    "depends_on": [],
                    "primary": {
                        "id": "03e1c060b16951f3672878103444da029f84d49d009a4d115a55056f836bc269",
                        "attributes": {
                            "id": "03e1c060b16951f3672878103444da029f84d49d009a4d115a55056f836bc269",
                            "rendered": "    - NEW_RELIC_APP_NAME=toggle-service-ROGUE-628_aws_stqa_saks\n",
                            "template": "    - NEW_RELIC_APP_NAME=toggle-service-ROGUE-628_aws_stqa_saks\n"
                        },
                        "meta": {},
                        "tainted": false
                    },
                    "deposed": [],
                    "provider": ""
                },
                "data.template_file.env_vars.8": {
                    "type": "template_file",
                    "depends_on": [],
                    "primary": {
                        "id": "3286343acbac93d60dffbd3dd69c7931b9e61b0daa220bff8062ebaad492a0a0",
                        "attributes": {
                            "id": "3286343acbac93d60dffbd3dd69c7931b9e61b0daa220bff8062ebaad492a0a0",
                            "rendered": "    - NEW_RELIC_LICENSE_KEY=\n",
                            "template": "    - NEW_RELIC_LICENSE_KEY=\n"
                        },
                        "meta": {},
                        "tainted": false
                    },
                    "deposed": [],
                    "provider": ""
                },
                "data.template_file.userdata": {
                    "type": "template_file",
                    "depends_on": [
                        "data.template_file.docker-compose"
                    ],
                    "primary": {
                        "id": "7b8c58965e5d73c6b6b3a9233dfc3725fab086d19923b986f0fff4dd70da0411",
                        "attributes": {
                            "id": "7b8c58965e5d73c6b6b3a9233dfc3725fab086d19923b986f0fff4dd70da0411",
                            "rendered": "#!/bin/bash -v\n\n# Run app\nARTIFACTORY_PWD=$(aws ssm get-parameters --names artifactory2.password --with-decryption --region us-east-1 | jq -r .\"Parameters[0].Value\")\nARTIFACTORY_USERNAME=$(aws ssm get-parameters --names artifactory2.username --with-decryption --region us-east-1 | jq -r .\"Parameters[0].Value\")\n\nuntil docker login -u $ARTIFACTORY_USERNAME -p $ARTIFACTORY_PWD hbc-docker.jfrog.io; do sleep 2; done\n\necho \"version: '3'\nservices:\n  toggle-service:\n    container_name: toggle-service\n    image: hbc-docker.jfrog.io/toggle-service:fbdbfae\n    restart: always\n    ports:\n      - 9860:9860\n    environment:\n    - APP_NAME=toggle-service\n    - HBC_BANNER=o5a\n    - HBC_ENV=dev\n    - MONGO_DB_NAME=toggle\n    - MONGO_HOST=172.26.112.33/toggle\n    - MONGO_PASSWORD_SECRET_KEY=mongoPassword\n    - MONGO_USER=username\n    - NEW_RELIC_APP_NAME=toggle-service-ROGUE-628_aws_stqa_saks\n    - NEW_RELIC_LICENSE_KEY=\n\n    logging:\n        driver: awslogs\n        options:\n          awslogs-region: us-east-1\n          awslogs-group: toggle-service-ROGUE-628-dark\n          tag: rogue-squadron-dev\n\" \u003e docker-compose.yml\nuntil /usr/local/bin/docker-compose up -d; do sleep 2; done\n\n",
                            "template": "#!/bin/bash -v\n\n# Run app\nARTIFACTORY_PWD=$(aws ssm get-parameters --names artifactory2.password --with-decryption --region us-east-1 | jq -r .\"Parameters[0].Value\")\nARTIFACTORY_USERNAME=$(aws ssm get-parameters --names artifactory2.username --with-decryption --region us-east-1 | jq -r .\"Parameters[0].Value\")\n\nuntil docker login -u $ARTIFACTORY_USERNAME -p $ARTIFACTORY_PWD hbc-docker.jfrog.io; do sleep 2; done\n\necho \"${docker_compose}\" \u003e docker-compose.yml\nuntil /usr/local/bin/docker-compose up -d; do sleep 2; done\n\n",
                            "vars.%": "2",
                            "vars.aws_region": "us-east-1",
                            "vars.docker_compose": "version: '3'\nservices:\n  toggle-service:\n    container_name: toggle-service\n    image: hbc-docker.jfrog.io/toggle-service:fbdbfae\n    restart: always\n    ports:\n      - 9860:9860\n    environment:\n    - APP_NAME=toggle-service\n    - HBC_BANNER=o5a\n    - HBC_ENV=dev\n    - MONGO_DB_NAME=toggle\n    - MONGO_HOST=172.26.112.33/toggle\n    - MONGO_PASSWORD_SECRET_KEY=mongoPassword\n    - MONGO_USER=username\n    - NEW_RELIC_APP_NAME=toggle-service-ROGUE-628_aws_stqa_saks\n    - NEW_RELIC_LICENSE_KEY=\n\n    logging:\n        driver: awslogs\n        options:\n          awslogs-region: us-east-1\n          awslogs-group: toggle-service-ROGUE-628-dark\n          tag: rogue-squadron-dev\n"
                        },
                        "meta": {},
                        "tainted": false
                    },
                    "deposed": [],
                    "provider": ""
                }
            },
            "depends_on": []
        },
        {
            "path": [
                "root",
                "toggle-service",
                "live"
            ],
            "outputs": {
                "app_name": {
                    "sensitive": false,
                    "type": "string",
                    "value": "toggle-service"
                },
                "asg_name": {
                    "sensitive": false,
                    "type": "string",
                    "value": "toggle-service-ROGUE-628-live-terraform-00e0269027400ccf66bc29874d"
                },
                "component": {
                    "sensitive": false,
                    "type": "string",
                    "value": "live"
                },
                "elb_hostname": {
                    "sensitive": false,
                    "type": "string",
                    "value": "toggle-service-ROGUE-628-live-1956951890.us-east-1.elb.amazonaws.com"
                },
                "elb_name": {
                    "sensitive": false,
                    "type": "string",
                    "value": "toggle-service-ROGUE-628-live"
                },
                "fqdn": {
                    "sensitive": false,
                    "type": "string",
                    "value": "live.toggle-service-rogue-628.dev.o5a.hbccommon.private.hbc.com"
                },
                "log_group": {
                    "sensitive": false,
                    "type": "string",
                    "value": "toggle-service-ROGUE-628-live"
                },
                "ping_path": {
                    "sensitive": false,
                    "type": "string",
                    "value": "/v1/toggle-service"
                }
            },
            "resources": {
                "aws_autoscaling_group.asg": {
                    "type": "aws_autoscaling_group",
                    "depends_on": [
                        "aws_elb.elb",
                        "aws_launch_configuration.lc"
                    ],
                    "primary": {
                        "id": "toggle-service-ROGUE-628-live-terraform-00e0269027400ccf66bc29874d",
                        "attributes": {
                            "arn": "arn:aws:autoscaling:us-east-1:195056086334:autoScalingGroup:4e1d9c43-601b-46b6-b3a0-de96899386a3:autoScalingGroupName/toggle-service-ROGUE-628-live-terraform-00e0269027400ccf66bc29874d",
                            "availability_zones.#": "2",
                            "availability_zones.1305112097": "us-east-1b",
                            "availability_zones.3569565595": "us-east-1a",
                            "default_cooldown": "300",
                            "desired_capacity": "1",
                            "force_delete": "false",
                            "health_check_grace_period": "300",
                            "health_check_type": "EC2",
                            "id": "toggle-service-ROGUE-628-live-terraform-00e0269027400ccf66bc29874d",
                            "launch_configuration": "terraform-00e0269027400ccf66bc29874d",
                            "load_balancers.#": "1",
                            "load_balancers.329078739": "toggle-service-ROGUE-628-live",
                            "max_size": "3",
                            "metrics_granularity": "1Minute",
                            "min_size": "1",
                            "name": "toggle-service-ROGUE-628-live-terraform-00e0269027400ccf66bc29874d",
                            "placement_group": "",
                            "protect_from_scale_in": "false",
                            "suspended_processes.#": "0",
                            "tag.#": "4",
                            "tag.1670298754.key": "hbc_banner",
                            "tag.1670298754.propagate_at_launch": "true",
                            "tag.1670298754.value": "o5a",
                            "tag.3448338504.key": "hbc_group",
                            "tag.3448338504.propagate_at_launch": "true",
                            "tag.3448338504.value": "rogue-squadron",
                            "tag.3517521161.key": "hbc_env",
                            "tag.3517521161.propagate_at_launch": "true",
                            "tag.3517521161.value": "dev",
                            "tag.491481042.key": "Name",
                            "tag.491481042.propagate_at_launch": "true",
                            "tag.491481042.value": "toggle-service-ROGUE-628-live",
                            "target_group_arns.#": "0",
                            "termination_policies.#": "0",
                            "vpc_zone_identifier.#": "2",
                            "vpc_zone_identifier.1437409657": "subnet-7beca033",
                            "vpc_zone_identifier.836940805": "subnet-809e0aac",
                            "wait_for_capacity_timeout": "10m",
                            "wait_for_elb_capacity": "1"
                        },
                        "meta": {},
                        "tainted": false
                    },
                    "deposed": [],
                    "provider": ""
                },
                "aws_cloudwatch_log_group.log_group": {
                    "type": "aws_cloudwatch_log_group",
                    "depends_on": [],
                    "primary": {
                        "id": "toggle-service-ROGUE-628-live",
                        "attributes": {
                            "arn": "arn:aws:logs:us-east-1:195056086334:log-group:toggle-service-ROGUE-628-live:*",
                            "id": "toggle-service-ROGUE-628-live",
                            "name": "toggle-service-ROGUE-628-live",
                            "retention_in_days": "0",
                            "tags.%": "3",
                            "tags.hbc_banner": "o5a",
                            "tags.hbc_env": "dev",
                            "tags.hbc_group": "rogue-squadron"
                        },
                        "meta": {},
                        "tainted": false
                    },
                    "deposed": [],
                    "provider": ""
                },
                "aws_elb.elb": {
                    "type": "aws_elb",
                    "depends_on": [],
                    "primary": {
                        "id": "toggle-service-ROGUE-628-live",
                        "attributes": {
                            "access_logs.#": "0",
                            "availability_zones.#": "2",
                            "availability_zones.1305112097": "us-east-1b",
                            "availability_zones.3569565595": "us-east-1a",
                            "connection_draining": "false",
                            "connection_draining_timeout": "300",
                            "cross_zone_load_balancing": "true",
                            "dns_name": "toggle-service-ROGUE-628-live-1956951890.us-east-1.elb.amazonaws.com",
                            "health_check.#": "1",
                            "health_check.0.healthy_threshold": "2",
                            "health_check.0.interval": "5",
                            "health_check.0.target": "HTTP:9860/v1/toggle-service",
                            "health_check.0.timeout": "3",
                            "health_check.0.unhealthy_threshold": "2",
                            "id": "toggle-service-ROGUE-628-live",
                            "idle_timeout": "60",
                            "instances.#": "1",
                            "instances.2690485573": "i-0ed5068b9ea0df026",
                            "internal": "false",
                            "listener.#": "1",
                            "listener.1808423601.instance_port": "9860",
                            "listener.1808423601.instance_protocol": "http",
                            "listener.1808423601.lb_port": "80",
                            "listener.1808423601.lb_protocol": "http",
                            "listener.1808423601.ssl_certificate_id": "",
                            "name": "toggle-service-ROGUE-628-live",
                            "security_groups.#": "1",
                            "security_groups.916553409": "sg-c70f37b6",
                            "source_security_group": "195056086334/rogue_squadron_private_load_balancer",
                            "source_security_group_id": "sg-c70f37b6",
                            "subnets.#": "2",
                            "subnets.1195353774": "subnet-ced39f86",
                            "subnets.1774070674": "subnet-e88612c4",
                            "tags.%": "3",
                            "tags.hbc_banner": "o5a",
                            "tags.hbc_env": "dev",
                            "tags.hbc_group": "rogue-squadron",
                            "zone_id": "Z35SXDOTRQ7X7K"
                        },
                        "meta": {},
                        "tainted": false
                    },
                    "deposed": [],
                    "provider": ""
                },
                "aws_iam_instance_profile.instance_profile": {
                    "type": "aws_iam_instance_profile",
                    "depends_on": [
                        "aws_iam_role.role"
                    ],
                    "primary": {
                        "id": "toggle-service-ROGUE-628-live-dev-o5a-instance-profile",
                        "attributes": {
                            "arn": "arn:aws:iam::195056086334:instance-profile/toggle-service-ROGUE-628-live-dev-o5a-instance-profile",
                            "id": "toggle-service-ROGUE-628-live-dev-o5a-instance-profile",
                            "name": "toggle-service-ROGUE-628-live-dev-o5a-instance-profile",
                            "path": "/",
                            "role": "toggle-service-ROGUE-628-live-dev-o5a-role",
                            "roles.#": "0",
                            "unique_id": "AIPAINIRBSQOCV7P6B42O"
                        },
                        "meta": {},
                        "tainted": false
                    },
                    "deposed": [],
                    "provider": ""
                },
                "aws_iam_role.role": {
                    "type": "aws_iam_role",
                    "depends_on": [
                        "data.aws_iam_policy_document.role_doc"
                    ],
                    "primary": {
                        "id": "toggle-service-ROGUE-628-live-dev-o5a-role",
                        "attributes": {
                            "arn": "arn:aws:iam::195056086334:role/toggle-service-ROGUE-628-live-dev-o5a-role",
                            "assume_role_policy": "{\"Version\":\"2012-10-17\",\"Statement\":[{\"Sid\":\"\",\"Effect\":\"Allow\",\"Principal\":{\"Service\":\"ec2.amazonaws.com\"},\"Action\":\"sts:AssumeRole\"}]}",
                            "create_date": "2017-08-23T18:59:26Z",
                            "id": "toggle-service-ROGUE-628-live-dev-o5a-role",
                            "name": "toggle-service-ROGUE-628-live-dev-o5a-role",
                            "path": "/",
                            "unique_id": "AROAISZULM6MXEBN477OQ"
                        },
                        "meta": {},
                        "tainted": false
                    },
                    "deposed": [],
                    "provider": ""
                },
                "aws_iam_role_policy.iam_role_policy": {
                    "type": "aws_iam_role_policy",
                    "depends_on": [
                        "aws_iam_role.role",
                        "data.aws_iam_policy_document.role_policy_doc"
                    ],
                    "primary": {
                        "id": "toggle-service-ROGUE-628-live-dev-o5a-role:toggle-service-ROGUE-628-live-dev-o5a-role-policy",
                        "attributes": {
                            "id": "toggle-service-ROGUE-628-live-dev-o5a-role:toggle-service-ROGUE-628-live-dev-o5a-role-policy",
                            "name": "toggle-service-ROGUE-628-live-dev-o5a-role-policy",
                            "policy": "{\n  \"Version\": \"2012-10-17\",\n  \"Statement\": [\n    {\n      \"Sid\": \"\",\n      \"Effect\": \"Allow\",\n      \"Action\": \"ssm:*\",\n      \"Resource\": \"arn:aws:ssm:us-east-1:195056086334:parameter/toggle-service/o5a/dev/*\"\n    },\n    {\n      \"Sid\": \"\",\n      \"Effect\": \"Allow\",\n      \"Action\": \"ssm:*\",\n      \"Resource\": \"arn:aws:ssm:us-east-1:195056086334:parameter/artifactory2.*\"\n    },\n    {\n      \"Sid\": \"\",\n      \"Effect\": \"Allow\",\n      \"Action\": \"logs:*\",\n      \"Resource\": \"arn:aws:logs:us-east-1:195056086334:log-group:toggle-service-ROGUE-628-live:*\"\n    },\n    {\n      \"Sid\": \"\",\n      \"Effect\": \"Allow\",\n      \"Action\": \"kms:Decrypt\",\n      \"Resource\": \"arn:aws:kms:us-east-1:195056086334:key/57b7e9e3-50a7-4f11-9731-b4b399e9558e\"\n    }\n  ]\n}",
                            "role": "toggle-service-ROGUE-628-live-dev-o5a-role"
                        },
                        "meta": {},
                        "tainted": false
                    },
                    "deposed": [],
                    "provider": ""
                },
                "aws_launch_configuration.lc": {
                    "type": "aws_launch_configuration",
                    "depends_on": [
                        "aws_iam_instance_profile.instance_profile",
                        "data.aws_ami.amazon",
                        "data.template_file.userdata"
                    ],
                    "primary": {
                        "id": "terraform-00e0269027400ccf66bc29874d",
                        "attributes": {
                            "associate_public_ip_address": "false",
                            "ebs_block_device.#": "0",
                            "ebs_optimized": "false",
                            "enable_monitoring": "true",
                            "ephemeral_block_device.#": "0",
                            "iam_instance_profile": "toggle-service-ROGUE-628-live-dev-o5a-instance-profile",
                            "id": "terraform-00e0269027400ccf66bc29874d",
                            "image_id": "ami-bd0111ab",
                            "instance_type": "t2.micro",
                            "key_name": "rogue_squadron_shared",
                            "name": "terraform-00e0269027400ccf66bc29874d",
                            "root_block_device.#": "0",
                            "security_groups.#": "1",
                            "security_groups.2434876198": "sg-400f3731",
                            "spot_price": "",
                            "user_data": "643727f9aeb88282ca40e926b972eaf84dd78547",
                            "vpc_classic_link_id": "",
                            "vpc_classic_link_security_groups.#": "0"
                        },
                        "meta": {},
                        "tainted": false
                    },
                    "deposed": [],
                    "provider": ""
                },
                "aws_route53_record.entry": {
                    "type": "aws_route53_record",
                    "depends_on": [
                        "aws_elb.elb",
                        "data.aws_route53_zone.zone"
                    ],
                    "primary": {
                        "id": "Z3M6ZF4LCNB7AH_live.toggle-service-rogue-628.dev.o5a.hbccommon.private.hbc.com_A",
                        "attributes": {
                            "alias.#": "1",
                            "alias.699678807.evaluate_target_health": "false",
                            "alias.699678807.name": "toggle-service-rogue-628-live-1956951890.us-east-1.elb.amazonaws.com",
                            "alias.699678807.zone_id": "Z35SXDOTRQ7X7K",
                            "fqdn": "live.toggle-service-rogue-628.dev.o5a.hbccommon.private.hbc.com",
                            "health_check_id": "",
                            "id": "Z3M6ZF4LCNB7AH_live.toggle-service-rogue-628.dev.o5a.hbccommon.private.hbc.com_A",
                            "name": "live.toggle-service-rogue-628.dev.o5a.hbccommon.private.hbc.com",
                            "records.#": "0",
                            "set_identifier": "",
                            "ttl": "0",
                            "type": "A",
                            "zone_id": "Z3M6ZF4LCNB7AH"
                        },
                        "meta": {
                            "schema_version": "2"
                        },
                        "tainted": false
                    },
                    "deposed": [],
                    "provider": ""
                },
                "data.aws_ami.amazon": {
                    "type": "aws_ami",
                    "depends_on": [],
                    "primary": {
                        "id": "ami-bd0111ab",
                        "attributes": {
                            "architecture": "x86_64",
                            "block_device_mappings.#": "1",
                            "block_device_mappings.340275815.device_name": "/dev/xvda",
                            "block_device_mappings.340275815.ebs.%": "6",
                            "block_device_mappings.340275815.ebs.delete_on_termination": "true",
                            "block_device_mappings.340275815.ebs.encrypted": "false",
                            "block_device_mappings.340275815.ebs.iops": "0",
                            "block_device_mappings.340275815.ebs.snapshot_id": "snap-600fa176",
                            "block_device_mappings.340275815.ebs.volume_size": "8",
                            "block_device_mappings.340275815.ebs.volume_type": "gp2",
                            "block_device_mappings.340275815.no_device": "",
                            "block_device_mappings.340275815.virtual_name": "",
                            "creation_date": "2017-07-20T15:22:53.000Z",
                            "description": "Amazon Linux with docker-compose and jq",
                            "filter.#": "1",
                            "filter.363732603.name": "name",
                            "filter.363732603.values.#": "1",
                            "filter.363732603.values.0": "ec2_instance_of_doom",
                            "hypervisor": "xen",
                            "id": "ami-bd0111ab",
                            "image_id": "ami-bd0111ab",
                            "image_location": "195056086334/ec2_instance_of_doom",
                            "image_type": "machine",
                            "most_recent": "false",
                            "name": "ec2_instance_of_doom",
                            "owner_id": "195056086334",
                            "owners.#": "1",
                            "owners.0": "195056086334",
                            "product_codes.#": "0",
                            "public": "false",
                            "root_device_name": "/dev/xvda",
                            "root_device_type": "ebs",
                            "sriov_net_support": "simple",
                            "state": "available",
                            "state_reason.%": "2",
                            "state_reason.code": "UNSET",
                            "state_reason.message": "UNSET",
                            "tags.#": "0",
                            "virtualization_type": "hvm"
                        },
                        "meta": {},
                        "tainted": false
                    },
                    "deposed": [],
                    "provider": ""
                },
                "data.aws_iam_policy_document.key_doc": {
                    "type": "aws_iam_policy_document",
                    "depends_on": [],
                    "primary": {
                        "id": "507348201",
                        "attributes": {
                            "id": "507348201",
                            "json": "{\n  \"Version\": \"2012-10-17\",\n  \"Statement\": [\n    {\n      \"Sid\": \"\",\n      \"Effect\": \"Allow\",\n      \"Action\": \"kms:*\",\n      \"Resource\": \"*\",\n      \"Principal\": {\n        \"AWS\": \"arn:aws:iam::195056086334:root\"\n      }\n    }\n  ]\n}",
                            "statement.#": "1",
                            "statement.0.actions.#": "1",
                            "statement.0.actions.1011197950": "kms:*",
                            "statement.0.condition.#": "0",
                            "statement.0.effect": "Allow",
                            "statement.0.not_actions.#": "0",
                            "statement.0.not_principals.#": "0",
                            "statement.0.not_resources.#": "0",
                            "statement.0.principals.#": "1",
                            "statement.0.principals.3429249134.identifiers.#": "1",
                            "statement.0.principals.3429249134.identifiers.882005846": "arn:aws:iam::195056086334:root",
                            "statement.0.principals.3429249134.type": "AWS",
                            "statement.0.resources.#": "1",
                            "statement.0.resources.2679715827": "*",
                            "statement.0.sid": ""
                        },
                        "meta": {},
                        "tainted": false
                    },
                    "deposed": [],
                    "provider": ""
                },
                "data.aws_iam_policy_document.role_doc": {
                    "type": "aws_iam_policy_document",
                    "depends_on": [],
                    "primary": {
                        "id": "1903849331",
                        "attributes": {
                            "id": "1903849331",
                            "json": "{\n  \"Version\": \"2012-10-17\",\n  \"Statement\": [\n    {\n      \"Sid\": \"\",\n      \"Effect\": \"Allow\",\n      \"Action\": \"sts:AssumeRole\",\n      \"Principal\": {\n        \"Service\": \"ec2.amazonaws.com\"\n      }\n    }\n  ]\n}",
                            "statement.#": "1",
                            "statement.0.actions.#": "1",
                            "statement.0.actions.2528466339": "sts:AssumeRole",
                            "statement.0.condition.#": "0",
                            "statement.0.effect": "Allow",
                            "statement.0.not_actions.#": "0",
                            "statement.0.not_principals.#": "0",
                            "statement.0.not_resources.#": "0",
                            "statement.0.principals.#": "1",
                            "statement.0.principals.1134724139.identifiers.#": "1",
                            "statement.0.principals.1134724139.identifiers.3655884555": "ec2.amazonaws.com",
                            "statement.0.principals.1134724139.type": "Service",
                            "statement.0.resources.#": "0",
                            "statement.0.sid": ""
                        },
                        "meta": {},
                        "tainted": false
                    },
                    "deposed": [],
                    "provider": ""
                },
                "data.aws_iam_policy_document.role_policy_doc": {
                    "type": "aws_iam_policy_document",
                    "depends_on": [
                        "aws_cloudwatch_log_group.log_group"
                    ],
                    "primary": {
                        "id": "1717977083",
                        "attributes": {
                            "id": "1717977083",
                            "json": "{\n  \"Version\": \"2012-10-17\",\n  \"Statement\": [\n    {\n      \"Sid\": \"\",\n      \"Effect\": \"Allow\",\n      \"Action\": \"ssm:*\",\n      \"Resource\": \"arn:aws:ssm:us-east-1:195056086334:parameter/toggle-service/o5a/dev/*\"\n    },\n    {\n      \"Sid\": \"\",\n      \"Effect\": \"Allow\",\n      \"Action\": \"ssm:*\",\n      \"Resource\": \"arn:aws:ssm:us-east-1:195056086334:parameter/artifactory2.*\"\n    },\n    {\n      \"Sid\": \"\",\n      \"Effect\": \"Allow\",\n      \"Action\": \"logs:*\",\n      \"Resource\": \"arn:aws:logs:us-east-1:195056086334:log-group:toggle-service-ROGUE-628-live:*\"\n    },\n    {\n      \"Sid\": \"\",\n      \"Effect\": \"Allow\",\n      \"Action\": \"kms:Decrypt\",\n      \"Resource\": \"arn:aws:kms:us-east-1:195056086334:key/57b7e9e3-50a7-4f11-9731-b4b399e9558e\"\n    }\n  ]\n}",
                            "statement.#": "4",
                            "statement.0.actions.#": "1",
                            "statement.0.actions.3168153159": "ssm:*",
                            "statement.0.condition.#": "0",
                            "statement.0.effect": "Allow",
                            "statement.0.not_actions.#": "0",
                            "statement.0.not_principals.#": "0",
                            "statement.0.not_resources.#": "0",
                            "statement.0.principals.#": "0",
                            "statement.0.resources.#": "1",
                            "statement.0.resources.3980450249": "arn:aws:ssm:us-east-1:195056086334:parameter/toggle-service/o5a/dev/*",
                            "statement.0.sid": "",
                            "statement.1.actions.#": "1",
                            "statement.1.actions.3168153159": "ssm:*",
                            "statement.1.condition.#": "0",
                            "statement.1.effect": "Allow",
                            "statement.1.not_actions.#": "0",
                            "statement.1.not_principals.#": "0",
                            "statement.1.not_resources.#": "0",
                            "statement.1.principals.#": "0",
                            "statement.1.resources.#": "1",
                            "statement.1.resources.110129497": "arn:aws:ssm:us-east-1:195056086334:parameter/artifactory2.*",
                            "statement.1.sid": "",
                            "statement.2.actions.#": "1",
                            "statement.2.actions.2380047621": "logs:*",
                            "statement.2.condition.#": "0",
                            "statement.2.effect": "Allow",
                            "statement.2.not_actions.#": "0",
                            "statement.2.not_principals.#": "0",
                            "statement.2.not_resources.#": "0",
                            "statement.2.principals.#": "0",
                            "statement.2.resources.#": "1",
                            "statement.2.resources.1932848100": "arn:aws:logs:us-east-1:195056086334:log-group:toggle-service-ROGUE-628-live:*",
                            "statement.2.sid": "",
                            "statement.3.actions.#": "1",
                            "statement.3.actions.3733000735": "kms:Decrypt",
                            "statement.3.condition.#": "0",
                            "statement.3.effect": "Allow",
                            "statement.3.not_actions.#": "0",
                            "statement.3.not_principals.#": "0",
                            "statement.3.not_resources.#": "0",
                            "statement.3.principals.#": "0",
                            "statement.3.resources.#": "1",
                            "statement.3.resources.2936581089": "arn:aws:kms:us-east-1:195056086334:key/57b7e9e3-50a7-4f11-9731-b4b399e9558e",
                            "statement.3.sid": ""
                        },
                        "meta": {},
                        "tainted": false
                    },
                    "deposed": [],
                    "provider": ""
                },
                "data.aws_route53_zone.zone": {
                    "type": "aws_route53_zone",
                    "depends_on": [],
                    "primary": {
                        "id": "Z3M6ZF4LCNB7AH",
                        "attributes": {
                            "caller_reference": "9B9837EE-DD95-22C9-BB3A-7107892CC4AF",
                            "comment": "",
                            "id": "Z3M6ZF4LCNB7AH",
                            "name": "hbccommon.private.hbc.com.",
                            "private_zone": "false",
                            "resource_record_set_count": "46",
                            "zone_id": "Z3M6ZF4LCNB7AH"
                        },
                        "meta": {},
                        "tainted": false
                    },
                    "deposed": [],
                    "provider": ""
                },
                "data.template_file.docker-compose": {
                    "type": "template_file",
                    "depends_on": [
                        "aws_cloudwatch_log_group.log_group",
                        "data.template_file.env_vars.*"
                    ],
                    "primary": {
                        "id": "b339de01e8ae09b4df7e7af78c9feaa918c16305ca7d4f7a11bcb958a33eea33",
                        "attributes": {
                            "id": "b339de01e8ae09b4df7e7af78c9feaa918c16305ca7d4f7a11bcb958a33eea33",
                            "rendered": "version: '3'\nservices:\n  toggle-service:\n    container_name: toggle-service\n    image: hbc-docker.jfrog.io/toggle-service:fbdbfae\n    restart: always\n    ports:\n      - 9860:9860\n    environment:\n    - APP_NAME=toggle-service\n    - HBC_BANNER=o5a\n    - HBC_ENV=dev\n    - MONGO_DB_NAME=toggle\n    - MONGO_HOST=172.26.112.33/toggle\n    - MONGO_PASSWORD_SECRET_KEY=mongoPassword\n    - MONGO_USER=username\n    - NEW_RELIC_APP_NAME=toggle-service-ROGUE-628_aws_stqa_saks\n    - NEW_RELIC_LICENSE_KEY=\n\n    logging:\n        driver: awslogs\n        options:\n          awslogs-region: us-east-1\n          awslogs-group: toggle-service-ROGUE-628-live\n          tag: rogue-squadron-dev\n",
                            "template": "version: '3'\nservices:\n  toggle-service:\n    container_name: toggle-service\n    image: hbc-docker.jfrog.io/toggle-service:fbdbfae\n    restart: always\n    ports:\n      - 9860:9860\n    environment:\n    - APP_NAME=toggle-service\n    - HBC_BANNER=o5a\n    - HBC_ENV=dev\n    - MONGO_DB_NAME=toggle\n    - MONGO_HOST=172.26.112.33/toggle\n    - MONGO_PASSWORD_SECRET_KEY=mongoPassword\n    - MONGO_USER=username\n    - NEW_RELIC_APP_NAME=toggle-service-ROGUE-628_aws_stqa_saks\n    - NEW_RELIC_LICENSE_KEY=\n\n    logging:\n        driver: awslogs\n        options:\n          awslogs-region: us-east-1\n          awslogs-group: toggle-service-ROGUE-628-live\n          tag: rogue-squadron-dev\n"
                        },
                        "meta": {},
                        "tainted": false
                    },
                    "deposed": [],
                    "provider": ""
                },
                "data.template_file.env_vars.0": {
                    "type": "template_file",
                    "depends_on": [],
                    "primary": {
                        "id": "a3949d026492b9d2133df572ad2b046649418a11cf3478122e50c8974121ff6e",
                        "attributes": {
                            "id": "a3949d026492b9d2133df572ad2b046649418a11cf3478122e50c8974121ff6e",
                            "rendered": "    - APP_NAME=toggle-service\n",
                            "template": "    - APP_NAME=toggle-service\n"
                        },
                        "meta": {},
                        "tainted": false
                    },
                    "deposed": [],
                    "provider": ""
                },
                "data.template_file.env_vars.1": {
                    "type": "template_file",
                    "depends_on": [],
                    "primary": {
                        "id": "fcd48aa04a144bcb1739a644d4380ebc1007e20c19d743809ced91ba409c81a9",
                        "attributes": {
                            "id": "fcd48aa04a144bcb1739a644d4380ebc1007e20c19d743809ced91ba409c81a9",
                            "rendered": "    - HBC_BANNER=o5a\n",
                            "template": "    - HBC_BANNER=o5a\n"
                        },
                        "meta": {},
                        "tainted": false
                    },
                    "deposed": [],
                    "provider": ""
                },
                "data.template_file.env_vars.2": {
                    "type": "template_file",
                    "depends_on": [],
                    "primary": {
                        "id": "46ff300d7ab07847511052cf40ae238adaeb77bb34b0e89a6360f518d0d72099",
                        "attributes": {
                            "id": "46ff300d7ab07847511052cf40ae238adaeb77bb34b0e89a6360f518d0d72099",
                            "rendered": "    - HBC_ENV=dev\n",
                            "template": "    - HBC_ENV=dev\n"
                        },
                        "meta": {},
                        "tainted": false
                    },
                    "deposed": [],
                    "provider": ""
                },
                "data.template_file.env_vars.3": {
                    "type": "template_file",
                    "depends_on": [],
                    "primary": {
                        "id": "6f5dea43fde25f04f2c86fa8339df19663d1dc24a7d25b0b4f6a00f85446c509",
                        "attributes": {
                            "id": "6f5dea43fde25f04f2c86fa8339df19663d1dc24a7d25b0b4f6a00f85446c509",
                            "rendered": "    - MONGO_DB_NAME=toggle\n",
                            "template": "    - MONGO_DB_NAME=toggle\n"
                        },
                        "meta": {},
                        "tainted": false
                    },
                    "deposed": [],
                    "provider": ""
                },
                "data.template_file.env_vars.4": {
                    "type": "template_file",
                    "depends_on": [],
                    "primary": {
                        "id": "fed359475045e60116ae225548e3df365bdd483a19b24807ee802e336c070f77",
                        "attributes": {
                            "id": "fed359475045e60116ae225548e3df365bdd483a19b24807ee802e336c070f77",
                            "rendered": "    - MONGO_HOST=172.26.112.33/toggle\n",
                            "template": "    - MONGO_HOST=172.26.112.33/toggle\n"
                        },
                        "meta": {},
                        "tainted": false
                    },
                    "deposed": [],
                    "provider": ""
                },
                "data.template_file.env_vars.5": {
                    "type": "template_file",
                    "depends_on": [],
                    "primary": {
                        "id": "2c73717b3daa79e6af5e3be19b842662dd4663862dedd5da3c5a2359f330b844",
                        "attributes": {
                            "id": "2c73717b3daa79e6af5e3be19b842662dd4663862dedd5da3c5a2359f330b844",
                            "rendered": "    - MONGO_PASSWORD_SECRET_KEY=mongoPassword\n",
                            "template": "    - MONGO_PASSWORD_SECRET_KEY=mongoPassword\n"
                        },
                        "meta": {},
                        "tainted": false
                    },
                    "deposed": [],
                    "provider": ""
                },
                "data.template_file.env_vars.6": {
                    "type": "template_file",
                    "depends_on": [],
                    "primary": {
                        "id": "cee22ff50cb2346bc1f02ab10b7a3ca6b4ac8a54736c1b26cf3600517134e42c",
                        "attributes": {
                            "id": "cee22ff50cb2346bc1f02ab10b7a3ca6b4ac8a54736c1b26cf3600517134e42c",
                            "rendered": "    - MONGO_USER=username\n",
                            "template": "    - MONGO_USER=username\n"
                        },
                        "meta": {},
                        "tainted": false
                    },
                    "deposed": [],
                    "provider": ""
                },
                "data.template_file.env_vars.7": {
                    "type": "template_file",
                    "depends_on": [],
                    "primary": {
                        "id": "03e1c060b16951f3672878103444da029f84d49d009a4d115a55056f836bc269",
                        "attributes": {
                            "id": "03e1c060b16951f3672878103444da029f84d49d009a4d115a55056f836bc269",
                            "rendered": "    - NEW_RELIC_APP_NAME=toggle-service-ROGUE-628_aws_stqa_saks\n",
                            "template": "    - NEW_RELIC_APP_NAME=toggle-service-ROGUE-628_aws_stqa_saks\n"
                        },
                        "meta": {},
                        "tainted": false
                    },
                    "deposed": [],
                    "provider": ""
                },
                "data.template_file.env_vars.8": {
                    "type": "template_file",
                    "depends_on": [],
                    "primary": {
                        "id": "3286343acbac93d60dffbd3dd69c7931b9e61b0daa220bff8062ebaad492a0a0",
                        "attributes": {
                            "id": "3286343acbac93d60dffbd3dd69c7931b9e61b0daa220bff8062ebaad492a0a0",
                            "rendered": "    - NEW_RELIC_LICENSE_KEY=\n",
                            "template": "    - NEW_RELIC_LICENSE_KEY=\n"
                        },
                        "meta": {},
                        "tainted": false
                    },
                    "deposed": [],
                    "provider": ""
                },
                "data.template_file.userdata": {
                    "type": "template_file",
                    "depends_on": [
                        "data.template_file.docker-compose"
                    ],
                    "primary": {
                        "id": "24a4b86675ad3f0f862cdf6c8e7521c487da3f124f5a78cbf12207c25c87c885",
                        "attributes": {
                            "id": "24a4b86675ad3f0f862cdf6c8e7521c487da3f124f5a78cbf12207c25c87c885",
                            "rendered": "#!/bin/bash -v\n\n# Run app\nARTIFACTORY_PWD=$(aws ssm get-parameters --names artifactory2.password --with-decryption --region us-east-1 | jq -r .\"Parameters[0].Value\")\nARTIFACTORY_USERNAME=$(aws ssm get-parameters --names artifactory2.username --with-decryption --region us-east-1 | jq -r .\"Parameters[0].Value\")\n\nuntil docker login -u $ARTIFACTORY_USERNAME -p $ARTIFACTORY_PWD hbc-docker.jfrog.io; do sleep 2; done\n\necho \"version: '3'\nservices:\n  toggle-service:\n    container_name: toggle-service\n    image: hbc-docker.jfrog.io/toggle-service:fbdbfae\n    restart: always\n    ports:\n      - 9860:9860\n    environment:\n    - APP_NAME=toggle-service\n    - HBC_BANNER=o5a\n    - HBC_ENV=dev\n    - MONGO_DB_NAME=toggle\n    - MONGO_HOST=172.26.112.33/toggle\n    - MONGO_PASSWORD_SECRET_KEY=mongoPassword\n    - MONGO_USER=username\n    - NEW_RELIC_APP_NAME=toggle-service-ROGUE-628_aws_stqa_saks\n    - NEW_RELIC_LICENSE_KEY=\n\n    logging:\n        driver: awslogs\n        options:\n          awslogs-region: us-east-1\n          awslogs-group: toggle-service-ROGUE-628-live\n          tag: rogue-squadron-dev\n\" \u003e docker-compose.yml\nuntil /usr/local/bin/docker-compose up -d; do sleep 2; done\n\n",
                            "template": "#!/bin/bash -v\n\n# Run app\nARTIFACTORY_PWD=$(aws ssm get-parameters --names artifactory2.password --with-decryption --region us-east-1 | jq -r .\"Parameters[0].Value\")\nARTIFACTORY_USERNAME=$(aws ssm get-parameters --names artifactory2.username --with-decryption --region us-east-1 | jq -r .\"Parameters[0].Value\")\n\nuntil docker login -u $ARTIFACTORY_USERNAME -p $ARTIFACTORY_PWD hbc-docker.jfrog.io; do sleep 2; done\n\necho \"${docker_compose}\" \u003e docker-compose.yml\nuntil /usr/local/bin/docker-compose up -d; do sleep 2; done\n\n",
                            "vars.%": "2",
                            "vars.aws_region": "us-east-1",
                            "vars.docker_compose": "version: '3'\nservices:\n  toggle-service:\n    container_name: toggle-service\n    image: hbc-docker.jfrog.io/toggle-service:fbdbfae\n    restart: always\n    ports:\n      - 9860:9860\n    environment:\n    - APP_NAME=toggle-service\n    - HBC_BANNER=o5a\n    - HBC_ENV=dev\n    - MONGO_DB_NAME=toggle\n    - MONGO_HOST=172.26.112.33/toggle\n    - MONGO_PASSWORD_SECRET_KEY=mongoPassword\n    - MONGO_USER=username\n    - NEW_RELIC_APP_NAME=toggle-service-ROGUE-628_aws_stqa_saks\n    - NEW_RELIC_LICENSE_KEY=\n\n    logging:\n        driver: awslogs\n        options:\n          awslogs-region: us-east-1\n          awslogs-group: toggle-service-ROGUE-628-live\n          tag: rogue-squadron-dev\n"
                        },
                        "meta": {},
                        "tainted": false
                    },
                    "deposed": [],
                    "provider": ""
                }
            },
            "depends_on": []
        }
    ]
}
