{
    "version": 3,
    "terraform_version": "0.9.11",
    "serial": 7,
    "lineage": "e2292cd6-ef0e-4ede-95e0-6140497c4e5e",
    "modules": [
        {
            "path": [
                "root"
            ],
            "outputs": {
                "toggle-service-dark": {
                    "sensitive": false,
                    "type": "map",
                    "value": {
                        "asg_name": "toggle-service-O5A-STQA-dark-terraform-007e002cf0dd23b1c4cfe6facf",
                        "component": "dark",
                        "elb_hostname": "toggle-service-O5A-STQA-dark-1881592363.us-east-1.elb.amazonaws.com",
                        "elb_name": "toggle-service-O5A-STQA-dark",
                        "fqdn": "dark.toggle-service-o5a-stqa.stqa.o5a.hbccommon.private.hbc.com",
                        "log_group": "toggle-service-O5A-STQA-dark"
                    }
                },
                "toggle-service-live": {
                    "sensitive": false,
                    "type": "map",
                    "value": {
                        "app_name": "toggle-service",
                        "asg_name": "toggle-service-O5A-STQA-live-terraform-007e002cf0dd23b1c4cfe6face",
                        "component": "live",
                        "elb_hostname": "toggle-service-O5A-STQA-live-425773192.us-east-1.elb.amazonaws.com",
                        "elb_name": "toggle-service-O5A-STQA-live",
                        "fqdn": "live.toggle-service-o5a-stqa.stqa.o5a.hbccommon.private.hbc.com",
                        "log_group": "toggle-service-O5A-STQA-live"
                    }
                }
            },
            "resources": {
                "data.terraform_remote_state.mongo": {
                    "type": "terraform_remote_state",
                    "depends_on": [],
                    "primary": {
                        "id": "2017-08-23 20:19:21.562366346 +0000 UTC",
                        "attributes": {
                            "backend": "s3",
                            "config.%": "3",
                            "config.bucket": "rogue-infra",
                            "config.key": "terraform/concourse/mongo-rs",
                            "config.region": "us-east-1",
                            "db_name": "toggle",
                            "db_password_key": "mongoPassword",
                            "db_username": "username",
                            "environment": "O5A-STQA",
                            "id": "2017-08-23 20:19:21.562366346 +0000 UTC",
                            "ip": "172.26.112.206"
                        },
                        "meta": {},
                        "tainted": false
                    },
                    "deposed": [],
                    "provider": ""
                }
            },
            "depends_on": []
        },
        {
            "path": [
                "root",
                "cpu_alarm"
            ],
            "outputs": {},
            "resources": {
                "aws_autoscaling_policy.scale_down": {
                    "type": "aws_autoscaling_policy",
                    "depends_on": [],
                    "primary": {
                        "id": "toggle-service-O5A-STQA-live-scale_down-policy",
                        "attributes": {
                            "adjustment_type": "ChangeInCapacity",
                            "arn": "arn:aws:autoscaling:us-east-1:195056086334:scalingPolicy:fdc38133-2cd2-428e-b0c7-7b5e0a4167aa:autoScalingGroupName/toggle-service-O5A-STQA-live-terraform-007e002cf0dd23b1c4cfe6face:policyName/toggle-service-O5A-STQA-live-scale_down-policy",
                            "autoscaling_group_name": "toggle-service-O5A-STQA-live-terraform-007e002cf0dd23b1c4cfe6face",
                            "cooldown": "120",
                            "estimated_instance_warmup": "0",
                            "id": "toggle-service-O5A-STQA-live-scale_down-policy",
                            "metric_aggregation_type": "",
                            "min_adjustment_step": "0",
                            "name": "toggle-service-O5A-STQA-live-scale_down-policy",
                            "policy_type": "SimpleScaling",
                            "scaling_adjustment": "-1",
                            "step_adjustment.#": "0"
                        },
                        "meta": {},
                        "tainted": false
                    },
                    "deposed": [],
                    "provider": ""
                },
                "aws_autoscaling_policy.scale_up": {
                    "type": "aws_autoscaling_policy",
                    "depends_on": [],
                    "primary": {
                        "id": "toggle-service-O5A-STQA-live-scale-up-policy",
                        "attributes": {
                            "adjustment_type": "ChangeInCapacity",
                            "arn": "arn:aws:autoscaling:us-east-1:195056086334:scalingPolicy:2b9c8a2a-c370-4a56-b7cb-5e50df9c81dd:autoScalingGroupName/toggle-service-O5A-STQA-live-terraform-007e002cf0dd23b1c4cfe6face:policyName/toggle-service-O5A-STQA-live-scale-up-policy",
                            "autoscaling_group_name": "toggle-service-O5A-STQA-live-terraform-007e002cf0dd23b1c4cfe6face",
                            "cooldown": "120",
                            "estimated_instance_warmup": "0",
                            "id": "toggle-service-O5A-STQA-live-scale-up-policy",
                            "metric_aggregation_type": "",
                            "min_adjustment_step": "0",
                            "name": "toggle-service-O5A-STQA-live-scale-up-policy",
                            "policy_type": "SimpleScaling",
                            "scaling_adjustment": "1",
                            "step_adjustment.#": "0"
                        },
                        "meta": {},
                        "tainted": false
                    },
                    "deposed": [],
                    "provider": ""
                },
                "aws_cloudwatch_metric_alarm.max_cpu_utilization": {
                    "type": "aws_cloudwatch_metric_alarm",
                    "depends_on": [
                        "aws_autoscaling_policy.scale_up",
                        "data.aws_sns_topic.pager_duty"
                    ],
                    "primary": {
                        "id": "toggle-service-O5A-STQA-live-cpu-above-75-pct",
                        "attributes": {
                            "actions_enabled": "true",
                            "alarm_actions.#": "2",
                            "alarm_actions.2090793402": "arn:aws:sns:us-east-1:195056086334:pager_duty",
                            "alarm_actions.3787149395": "arn:aws:autoscaling:us-east-1:195056086334:scalingPolicy:2b9c8a2a-c370-4a56-b7cb-5e50df9c81dd:autoScalingGroupName/toggle-service-O5A-STQA-live-terraform-007e002cf0dd23b1c4cfe6face:policyName/toggle-service-O5A-STQA-live-scale-up-policy",
                            "alarm_description": "This metric monitors ec2 max cpu utilization",
                            "alarm_name": "toggle-service-O5A-STQA-live-cpu-above-75-pct",
                            "comparison_operator": "GreaterThanOrEqualToThreshold",
                            "dimensions.%": "1",
                            "dimensions.AutoScalingGroupName": "toggle-service-O5A-STQA-live-terraform-007e002cf0dd23b1c4cfe6face",
                            "evaluate_low_sample_count_percentiles": "",
                            "evaluation_periods": "1",
                            "extended_statistic": "",
                            "id": "toggle-service-O5A-STQA-live-cpu-above-75-pct",
                            "insufficient_data_actions.#": "0",
                            "metric_name": "CPUUtilization",
                            "namespace": "AWS/EC2",
                            "ok_actions.#": "1",
                            "ok_actions.2090793402": "arn:aws:sns:us-east-1:195056086334:pager_duty",
                            "period": "120",
                            "statistic": "Average",
                            "threshold": "75",
                            "treat_missing_data": "missing",
                            "unit": ""
                        },
                        "meta": {
                            "schema_version": "1"
                        },
                        "tainted": false
                    },
                    "deposed": [],
                    "provider": ""
                },
                "aws_cloudwatch_metric_alarm.min_cpu_utilization": {
                    "type": "aws_cloudwatch_metric_alarm",
                    "depends_on": [
                        "aws_autoscaling_policy.scale_down"
                    ],
                    "primary": {
                        "id": "toggle-service-O5A-STQA-live-cpu-below-5-pct",
                        "attributes": {
                            "actions_enabled": "true",
                            "alarm_actions.#": "1",
                            "alarm_actions.3419373389": "arn:aws:autoscaling:us-east-1:195056086334:scalingPolicy:fdc38133-2cd2-428e-b0c7-7b5e0a4167aa:autoScalingGroupName/toggle-service-O5A-STQA-live-terraform-007e002cf0dd23b1c4cfe6face:policyName/toggle-service-O5A-STQA-live-scale_down-policy",
                            "alarm_description": "This metric monitors ec2 min cpu utilization",
                            "alarm_name": "toggle-service-O5A-STQA-live-cpu-below-5-pct",
                            "comparison_operator": "LessThanOrEqualToThreshold",
                            "dimensions.%": "1",
                            "dimensions.AutoScalingGroupName": "toggle-service-O5A-STQA-live-terraform-007e002cf0dd23b1c4cfe6face",
                            "evaluate_low_sample_count_percentiles": "",
                            "evaluation_periods": "1",
                            "extended_statistic": "",
                            "id": "toggle-service-O5A-STQA-live-cpu-below-5-pct",
                            "insufficient_data_actions.#": "0",
                            "metric_name": "CPUUtilization",
                            "namespace": "AWS/EC2",
                            "ok_actions.#": "0",
                            "period": "300",
                            "statistic": "Average",
                            "threshold": "5",
                            "treat_missing_data": "missing",
                            "unit": ""
                        },
                        "meta": {
                            "schema_version": "1"
                        },
                        "tainted": false
                    },
                    "deposed": [],
                    "provider": ""
                },
                "data.aws_sns_topic.pager_duty": {
                    "type": "aws_sns_topic",
                    "depends_on": [],
                    "primary": {
                        "id": "2017-08-23 20:19:21.482821501 +0000 UTC",
                        "attributes": {
                            "arn": "arn:aws:sns:us-east-1:195056086334:pager_duty",
                            "id": "2017-08-23 20:19:21.482821501 +0000 UTC",
                            "name": "pager_duty"
                        },
                        "meta": {},
                        "tainted": false
                    },
                    "deposed": [],
                    "provider": ""
                }
            },
            "depends_on": []
        },
        {
            "path": [
                "root",
                "health_alarm"
            ],
            "outputs": {},
            "resources": {
                "aws_cloudwatch_metric_alarm.elb_health_check": {
                    "type": "aws_cloudwatch_metric_alarm",
                    "depends_on": [
                        "data.aws_sns_topic.pager_duty"
                    ],
                    "primary": {
                        "id": "toggle-service-live-health-check",
                        "attributes": {
                            "actions_enabled": "true",
                            "alarm_actions.#": "1",
                            "alarm_actions.2090793402": "arn:aws:sns:us-east-1:195056086334:pager_duty",
                            "alarm_description": "This metric monitors if an ELB instance has been unhealthy for 5 minutes",
                            "alarm_name": "toggle-service-live-health-check",
                            "comparison_operator": "GreaterThanOrEqualToThreshold",
                            "dimensions.%": "1",
                            "dimensions.LoadBalancerName": "toggle-service-O5A-STQA-live",
                            "evaluate_low_sample_count_percentiles": "",
                            "evaluation_periods": "1",
                            "extended_statistic": "",
                            "id": "toggle-service-live-health-check",
                            "insufficient_data_actions.#": "0",
                            "metric_name": "UnHealthyHostCount",
                            "namespace": "AWS/ELB",
                            "ok_actions.#": "1",
                            "ok_actions.2090793402": "arn:aws:sns:us-east-1:195056086334:pager_duty",
                            "period": "300",
                            "statistic": "Average",
                            "threshold": "1",
                            "treat_missing_data": "missing",
                            "unit": ""
                        },
                        "meta": {
                            "schema_version": "1"
                        },
                        "tainted": false
                    },
                    "deposed": [],
                    "provider": ""
                },
                "aws_cloudwatch_metric_alarm.elb_healthy_instances": {
                    "type": "aws_cloudwatch_metric_alarm",
                    "depends_on": [
                        "data.aws_sns_topic.pager_duty"
                    ],
                    "primary": {
                        "id": "toggle-service-live-healthy-instances",
                        "attributes": {
                            "actions_enabled": "true",
                            "alarm_actions.#": "1",
                            "alarm_actions.2090793402": "arn:aws:sns:us-east-1:195056086334:pager_duty",
                            "alarm_description": "This metric monitors the number of healthy instances in an ELB",
                            "alarm_name": "toggle-service-live-healthy-instances",
                            "comparison_operator": "LessThanThreshold",
                            "dimensions.%": "1",
                            "dimensions.LoadBalancerName": "toggle-service-O5A-STQA-live",
                            "evaluate_low_sample_count_percentiles": "",
                            "evaluation_periods": "1",
                            "extended_statistic": "",
                            "id": "toggle-service-live-healthy-instances",
                            "insufficient_data_actions.#": "0",
                            "metric_name": "HealthyHostCount",
                            "namespace": "AWS/ELB",
                            "ok_actions.#": "1",
                            "ok_actions.2090793402": "arn:aws:sns:us-east-1:195056086334:pager_duty",
                            "period": "60",
                            "statistic": "Minimum",
                            "threshold": "1",
                            "treat_missing_data": "missing",
                            "unit": ""
                        },
                        "meta": {
                            "schema_version": "1"
                        },
                        "tainted": false
                    },
                    "deposed": [],
                    "provider": ""
                },
                "data.aws_sns_topic.pager_duty": {
                    "type": "aws_sns_topic",
                    "depends_on": [],
                    "primary": {
                        "id": "2017-08-23 20:19:21.48096123 +0000 UTC",
                        "attributes": {
                            "arn": "arn:aws:sns:us-east-1:195056086334:pager_duty",
                            "id": "2017-08-23 20:19:21.48096123 +0000 UTC",
                            "name": "pager_duty"
                        },
                        "meta": {},
                        "tainted": false
                    },
                    "deposed": [],
                    "provider": ""
                }
            },
            "depends_on": []
        },
        {
            "path": [
                "root",
                "logging_alarm"
            ],
            "outputs": {},
            "resources": {
                "aws_cloudwatch_log_metric_filter.error": {
                    "type": "aws_cloudwatch_log_metric_filter",
                    "depends_on": [],
                    "primary": {
                        "id": "toggle-service-live-error",
                        "attributes": {
                            "id": "toggle-service-live-error",
                            "log_group_name": "toggle-service-O5A-STQA-live",
                            "metric_transformation.#": "1",
                            "metric_transformation.0.name": "ErrorCount",
                            "metric_transformation.0.namespace": "LogMetrics",
                            "metric_transformation.0.value": "1",
                            "name": "toggle-service-live-error",
                            "pattern": "error"
                        },
                        "meta": {},
                        "tainted": false
                    },
                    "deposed": [],
                    "provider": ""
                },
                "aws_cloudwatch_log_metric_filter.fatal": {
                    "type": "aws_cloudwatch_log_metric_filter",
                    "depends_on": [],
                    "primary": {
                        "id": "toggle-service-live-fatal",
                        "attributes": {
                            "id": "toggle-service-live-fatal",
                            "log_group_name": "toggle-service-O5A-STQA-live",
                            "metric_transformation.#": "1",
                            "metric_transformation.0.name": "FatalCount",
                            "metric_transformation.0.namespace": "LogMetrics",
                            "metric_transformation.0.value": "1",
                            "name": "toggle-service-live-fatal",
                            "pattern": "fatal"
                        },
                        "meta": {},
                        "tainted": false
                    },
                    "deposed": [],
                    "provider": ""
                },
                "aws_cloudwatch_metric_alarm.error": {
                    "type": "aws_cloudwatch_metric_alarm",
                    "depends_on": [
                        "data.aws_sns_topic.pager_duty"
                    ],
                    "primary": {
                        "id": "toggle-service-live-error-alarm",
                        "attributes": {
                            "actions_enabled": "true",
                            "alarm_actions.#": "1",
                            "alarm_actions.2090793402": "arn:aws:sns:us-east-1:195056086334:pager_duty",
                            "alarm_description": "This metric monitors error message",
                            "alarm_name": "toggle-service-live-error-alarm",
                            "comparison_operator": "GreaterThanOrEqualToThreshold",
                            "dimensions.%": "0",
                            "evaluate_low_sample_count_percentiles": "",
                            "evaluation_periods": "1",
                            "extended_statistic": "",
                            "id": "toggle-service-live-error-alarm",
                            "insufficient_data_actions.#": "0",
                            "metric_name": "ErrorCount",
                            "namespace": "LogMetrics",
                            "ok_actions.#": "0",
                            "period": "60",
                            "statistic": "Average",
                            "threshold": "1",
                            "treat_missing_data": "missing",
                            "unit": ""
                        },
                        "meta": {
                            "schema_version": "1"
                        },
                        "tainted": false
                    },
                    "deposed": [],
                    "provider": ""
                },
                "aws_cloudwatch_metric_alarm.fatal": {
                    "type": "aws_cloudwatch_metric_alarm",
                    "depends_on": [
                        "data.aws_sns_topic.pager_duty"
                    ],
                    "primary": {
                        "id": "toggle-service-live-fatal-alarm",
                        "attributes": {
                            "actions_enabled": "true",
                            "alarm_actions.#": "1",
                            "alarm_actions.2090793402": "arn:aws:sns:us-east-1:195056086334:pager_duty",
                            "alarm_description": "This metric monitors fatal message",
                            "alarm_name": "toggle-service-live-fatal-alarm",
                            "comparison_operator": "GreaterThanOrEqualToThreshold",
                            "dimensions.%": "0",
                            "evaluate_low_sample_count_percentiles": "",
                            "evaluation_periods": "1",
                            "extended_statistic": "",
                            "id": "toggle-service-live-fatal-alarm",
                            "insufficient_data_actions.#": "0",
                            "metric_name": "FatalCount",
                            "namespace": "LogMetrics",
                            "ok_actions.#": "0",
                            "period": "60",
                            "statistic": "Average",
                            "threshold": "1",
                            "treat_missing_data": "missing",
                            "unit": ""
                        },
                        "meta": {
                            "schema_version": "1"
                        },
                        "tainted": false
                    },
                    "deposed": [],
                    "provider": ""
                },
                "data.aws_sns_topic.pager_duty": {
                    "type": "aws_sns_topic",
                    "depends_on": [],
                    "primary": {
                        "id": "2017-08-23 20:19:21.473322903 +0000 UTC",
                        "attributes": {
                            "arn": "arn:aws:sns:us-east-1:195056086334:pager_duty",
                            "id": "2017-08-23 20:19:21.473322903 +0000 UTC",
                            "name": "pager_duty"
                        },
                        "meta": {},
                        "tainted": false
                    },
                    "deposed": [],
                    "provider": ""
                }
            },
            "depends_on": []
        },
        {
            "path": [
                "root",
                "toggle-service"
            ],
            "outputs": {
                "dark_component": {
                    "sensitive": false,
                    "type": "map",
                    "value": {
                        "asg_name": "toggle-service-O5A-STQA-dark-terraform-007e002cf0dd23b1c4cfe6facf",
                        "component": "dark",
                        "elb_hostname": "toggle-service-O5A-STQA-dark-1881592363.us-east-1.elb.amazonaws.com",
                        "elb_name": "toggle-service-O5A-STQA-dark",
                        "fqdn": "dark.toggle-service-o5a-stqa.stqa.o5a.hbccommon.private.hbc.com",
                        "log_group": "toggle-service-O5A-STQA-dark"
                    }
                },
                "live_component": {
                    "sensitive": false,
                    "type": "map",
                    "value": {
                        "app_name": "toggle-service",
                        "asg_name": "toggle-service-O5A-STQA-live-terraform-007e002cf0dd23b1c4cfe6face",
                        "component": "live",
                        "elb_hostname": "toggle-service-O5A-STQA-live-425773192.us-east-1.elb.amazonaws.com",
                        "elb_name": "toggle-service-O5A-STQA-live",
                        "fqdn": "live.toggle-service-o5a-stqa.stqa.o5a.hbccommon.private.hbc.com",
                        "log_group": "toggle-service-O5A-STQA-live"
                    }
                },
                "ping_path": {
                    "sensitive": false,
                    "type": "string",
                    "value": "/v1/toggle-service"
                }
            },
            "resources": {},
            "depends_on": []
        },
        {
            "path": [
                "root",
                "toggle-service",
                "dark"
            ],
            "outputs": {
                "app_name": {
                    "sensitive": false,
                    "type": "string",
                    "value": "toggle-service"
                },
                "asg_name": {
                    "sensitive": false,
                    "type": "string",
                    "value": "toggle-service-O5A-STQA-dark-terraform-007e002cf0dd23b1c4cfe6facf"
                },
                "component": {
                    "sensitive": false,
                    "type": "string",
                    "value": "dark"
                },
                "elb_hostname": {
                    "sensitive": false,
                    "type": "string",
                    "value": "toggle-service-O5A-STQA-dark-1881592363.us-east-1.elb.amazonaws.com"
                },
                "elb_name": {
                    "sensitive": false,
                    "type": "string",
                    "value": "toggle-service-O5A-STQA-dark"
                },
                "fqdn": {
                    "sensitive": false,
                    "type": "string",
                    "value": "dark.toggle-service-o5a-stqa.stqa.o5a.hbccommon.private.hbc.com"
                },
                "log_group": {
                    "sensitive": false,
                    "type": "string",
                    "value": "toggle-service-O5A-STQA-dark"
                },
                "ping_path": {
                    "sensitive": false,
                    "type": "string",
                    "value": "/v1/toggle-service"
                }
            },
            "resources": {
                "aws_autoscaling_group.asg": {
                    "type": "aws_autoscaling_group",
                    "depends_on": [
                        "aws_elb.elb",
                        "aws_launch_configuration.lc"
                    ],
                    "primary": {
                        "id": "toggle-service-O5A-STQA-dark-terraform-007e002cf0dd23b1c4cfe6facf",
                        "attributes": {
                            "arn": "arn:aws:autoscaling:us-east-1:195056086334:autoScalingGroup:395812c3-b198-4c4d-9231-e1de9bc35c0a:autoScalingGroupName/toggle-service-O5A-STQA-dark-terraform-007e002cf0dd23b1c4cfe6facf",
                            "availability_zones.#": "2",
                            "availability_zones.1305112097": "us-east-1b",
                            "availability_zones.3569565595": "us-east-1a",
                            "default_cooldown": "300",
                            "desired_capacity": "1",
                            "force_delete": "false",
                            "health_check_grace_period": "300",
                            "health_check_type": "EC2",
                            "id": "toggle-service-O5A-STQA-dark-terraform-007e002cf0dd23b1c4cfe6facf",
                            "launch_configuration": "terraform-007e002cf0dd23b1c4cfe6facf",
                            "load_balancers.#": "1",
                            "load_balancers.3981365844": "toggle-service-O5A-STQA-dark",
                            "max_size": "1",
                            "metrics_granularity": "1Minute",
                            "min_size": "1",
                            "name": "toggle-service-O5A-STQA-dark-terraform-007e002cf0dd23b1c4cfe6facf",
                            "placement_group": "",
                            "protect_from_scale_in": "false",
                            "suspended_processes.#": "0",
                            "tag.#": "4",
                            "tag.1670298754.key": "hbc_banner",
                            "tag.1670298754.propagate_at_launch": "true",
                            "tag.1670298754.value": "o5a",
                            "tag.2858281947.key": "Name",
                            "tag.2858281947.propagate_at_launch": "true",
                            "tag.2858281947.value": "toggle-service-O5A-STQA-dark",
                            "tag.3448338504.key": "hbc_group",
                            "tag.3448338504.propagate_at_launch": "true",
                            "tag.3448338504.value": "rogue-squadron",
                            "tag.82283181.key": "hbc_env",
                            "tag.82283181.propagate_at_launch": "true",
                            "tag.82283181.value": "stqa",
                            "target_group_arns.#": "0",
                            "termination_policies.#": "0",
                            "vpc_zone_identifier.#": "2",
                            "vpc_zone_identifier.1437409657": "subnet-7beca033",
                            "vpc_zone_identifier.836940805": "subnet-809e0aac",
                            "wait_for_capacity_timeout": "10m",
                            "wait_for_elb_capacity": "1"
                        },
                        "meta": {},
                        "tainted": false
                    },
                    "deposed": [],
                    "provider": ""
                },
                "aws_cloudwatch_log_group.log_group": {
                    "type": "aws_cloudwatch_log_group",
                    "depends_on": [],
                    "primary": {
                        "id": "toggle-service-O5A-STQA-dark",
                        "attributes": {
                            "arn": "arn:aws:logs:us-east-1:195056086334:log-group:toggle-service-O5A-STQA-dark:*",
                            "id": "toggle-service-O5A-STQA-dark",
                            "name": "toggle-service-O5A-STQA-dark",
                            "retention_in_days": "0",
                            "tags.%": "3",
                            "tags.hbc_banner": "o5a",
                            "tags.hbc_env": "stqa",
                            "tags.hbc_group": "rogue-squadron"
                        },
                        "meta": {},
                        "tainted": false
                    },
                    "deposed": [],
                    "provider": ""
                },
                "aws_elb.elb": {
                    "type": "aws_elb",
                    "depends_on": [],
                    "primary": {
                        "id": "toggle-service-O5A-STQA-dark",
                        "attributes": {
                            "access_logs.#": "0",
                            "availability_zones.#": "2",
                            "availability_zones.1305112097": "us-east-1b",
                            "availability_zones.3569565595": "us-east-1a",
                            "connection_draining": "false",
                            "connection_draining_timeout": "300",
                            "cross_zone_load_balancing": "true",
                            "dns_name": "toggle-service-O5A-STQA-dark-1881592363.us-east-1.elb.amazonaws.com",
                            "health_check.#": "1",
                            "health_check.0.healthy_threshold": "2",
                            "health_check.0.interval": "5",
                            "health_check.0.target": "HTTP:9860/v1/toggle-service",
                            "health_check.0.timeout": "3",
                            "health_check.0.unhealthy_threshold": "2",
                            "id": "toggle-service-O5A-STQA-dark",
                            "idle_timeout": "60",
                            "instances.#": "1",
                            "instances.995259750": "i-087d88e05fb350134",
                            "internal": "false",
                            "listener.#": "1",
                            "listener.1808423601.instance_port": "9860",
                            "listener.1808423601.instance_protocol": "http",
                            "listener.1808423601.lb_port": "80",
                            "listener.1808423601.lb_protocol": "http",
                            "listener.1808423601.ssl_certificate_id": "",
                            "name": "toggle-service-O5A-STQA-dark",
                            "security_groups.#": "1",
                            "security_groups.916553409": "sg-c70f37b6",
                            "source_security_group": "195056086334/rogue_squadron_private_load_balancer",
                            "source_security_group_id": "sg-c70f37b6",
                            "subnets.#": "2",
                            "subnets.1195353774": "subnet-ced39f86",
                            "subnets.1774070674": "subnet-e88612c4",
                            "tags.%": "3",
                            "tags.hbc_banner": "o5a",
                            "tags.hbc_env": "stqa",
                            "tags.hbc_group": "rogue-squadron",
                            "zone_id": "Z35SXDOTRQ7X7K"
                        },
                        "meta": {},
                        "tainted": false
                    },
                    "deposed": [],
                    "provider": ""
                },
                "aws_iam_instance_profile.instance_profile": {
                    "type": "aws_iam_instance_profile",
                    "depends_on": [
                        "aws_iam_role.role"
                    ],
                    "primary": {
                        "id": "toggle-service-O5A-STQA-dark-stqa-o5a-instance-profile",
                        "attributes": {
                            "arn": "arn:aws:iam::195056086334:instance-profile/toggle-service-O5A-STQA-dark-stqa-o5a-instance-profile",
                            "id": "toggle-service-O5A-STQA-dark-stqa-o5a-instance-profile",
                            "name": "toggle-service-O5A-STQA-dark-stqa-o5a-instance-profile",
                            "path": "/",
                            "role": "toggle-service-O5A-STQA-dark-stqa-o5a-role",
                            "roles.#": "1",
                            "roles.1154248503": "toggle-service-O5A-STQA-dark-stqa-o5a-role",
                            "unique_id": "AIPAJZP5C4UNQG733244W"
                        },
                        "meta": {},
                        "tainted": false
                    },
                    "deposed": [],
                    "provider": ""
                },
                "aws_iam_role.role": {
                    "type": "aws_iam_role",
                    "depends_on": [
                        "data.aws_iam_policy_document.role_doc"
                    ],
                    "primary": {
                        "id": "toggle-service-O5A-STQA-dark-stqa-o5a-role",
                        "attributes": {
                            "arn": "arn:aws:iam::195056086334:role/toggle-service-O5A-STQA-dark-stqa-o5a-role",
                            "assume_role_policy": "{\"Version\":\"2012-10-17\",\"Statement\":[{\"Sid\":\"\",\"Effect\":\"Allow\",\"Principal\":{\"Service\":\"ec2.amazonaws.com\"},\"Action\":\"sts:AssumeRole\"}]}",
                            "create_date": "2017-08-23T19:30:14Z",
                            "id": "toggle-service-O5A-STQA-dark-stqa-o5a-role",
                            "name": "toggle-service-O5A-STQA-dark-stqa-o5a-role",
                            "path": "/",
                            "unique_id": "AROAIMOZ36KB6EU4FKZYY"
                        },
                        "meta": {},
                        "tainted": false
                    },
                    "deposed": [],
                    "provider": ""
                },
                "aws_iam_role_policy.iam_role_policy": {
                    "type": "aws_iam_role_policy",
                    "depends_on": [
                        "aws_iam_role.role",
                        "data.aws_iam_policy_document.role_policy_doc"
                    ],
                    "primary": {
                        "id": "toggle-service-O5A-STQA-dark-stqa-o5a-role:toggle-service-O5A-STQA-dark-stqa-o5a-role-policy",
                        "attributes": {
                            "id": "toggle-service-O5A-STQA-dark-stqa-o5a-role:toggle-service-O5A-STQA-dark-stqa-o5a-role-policy",
                            "name": "toggle-service-O5A-STQA-dark-stqa-o5a-role-policy",
                            "policy": "{\n  \"Version\": \"2012-10-17\",\n  \"Statement\": [\n    {\n      \"Sid\": \"\",\n      \"Effect\": \"Allow\",\n      \"Action\": \"ssm:*\",\n      \"Resource\": \"arn:aws:ssm:us-east-1:195056086334:parameter/toggle-service/o5a/stqa/*\"\n    },\n    {\n      \"Sid\": \"\",\n      \"Effect\": \"Allow\",\n      \"Action\": \"ssm:*\",\n      \"Resource\": \"arn:aws:ssm:us-east-1:195056086334:parameter/artifactory2.*\"\n    },\n    {\n      \"Sid\": \"\",\n      \"Effect\": \"Allow\",\n      \"Action\": \"logs:*\",\n      \"Resource\": \"arn:aws:logs:us-east-1:195056086334:log-group:toggle-service-O5A-STQA-dark:*\"\n    },\n    {\n      \"Sid\": \"\",\n      \"Effect\": \"Allow\",\n      \"Action\": \"kms:Decrypt\",\n      \"Resource\": \"arn:aws:kms:us-east-1:195056086334:key/57b7e9e3-50a7-4f11-9731-b4b399e9558e\"\n    }\n  ]\n}",
                            "role": "toggle-service-O5A-STQA-dark-stqa-o5a-role"
                        },
                        "meta": {},
                        "tainted": false
                    },
                    "deposed": [],
                    "provider": ""
                },
                "aws_launch_configuration.lc": {
                    "type": "aws_launch_configuration",
                    "depends_on": [
                        "aws_iam_instance_profile.instance_profile",
                        "data.aws_ami.amazon",
                        "data.template_file.userdata"
                    ],
                    "primary": {
                        "id": "terraform-007e002cf0dd23b1c4cfe6facf",
                        "attributes": {
                            "associate_public_ip_address": "false",
                            "ebs_block_device.#": "0",
                            "ebs_optimized": "false",
                            "enable_monitoring": "true",
                            "ephemeral_block_device.#": "0",
                            "iam_instance_profile": "toggle-service-O5A-STQA-dark-stqa-o5a-instance-profile",
                            "id": "terraform-007e002cf0dd23b1c4cfe6facf",
                            "image_id": "ami-bd0111ab",
                            "instance_type": "t2.micro",
                            "key_name": "rogue_squadron_shared",
                            "name": "terraform-007e002cf0dd23b1c4cfe6facf",
                            "root_block_device.#": "0",
                            "security_groups.#": "1",
                            "security_groups.2434876198": "sg-400f3731",
                            "spot_price": "",
                            "user_data": "a000167ec5ebccfd9355b3b735508d76319c0f59",
                            "vpc_classic_link_id": "",
                            "vpc_classic_link_security_groups.#": "0"
                        },
                        "meta": {},
                        "tainted": false
                    },
                    "deposed": [],
                    "provider": ""
                },
                "aws_route53_record.entry": {
                    "type": "aws_route53_record",
                    "depends_on": [
                        "aws_elb.elb",
                        "data.aws_route53_zone.zone"
                    ],
                    "primary": {
                        "id": "Z3M6ZF4LCNB7AH_dark.toggle-service-o5a-stqa.stqa.o5a.hbccommon.private.hbc.com_A",
                        "attributes": {
                            "alias.#": "1",
                            "alias.1253285186.evaluate_target_health": "false",
                            "alias.1253285186.name": "toggle-service-o5a-stqa-dark-1881592363.us-east-1.elb.amazonaws.com",
                            "alias.1253285186.zone_id": "Z35SXDOTRQ7X7K",
                            "fqdn": "dark.toggle-service-o5a-stqa.stqa.o5a.hbccommon.private.hbc.com",
                            "health_check_id": "",
                            "id": "Z3M6ZF4LCNB7AH_dark.toggle-service-o5a-stqa.stqa.o5a.hbccommon.private.hbc.com_A",
                            "name": "dark.toggle-service-o5a-stqa.stqa.o5a.hbccommon.private.hbc.com",
                            "records.#": "0",
                            "set_identifier": "",
                            "ttl": "0",
                            "type": "A",
                            "zone_id": "Z3M6ZF4LCNB7AH"
                        },
                        "meta": {
                            "schema_version": "2"
                        },
                        "tainted": false
                    },
                    "deposed": [],
                    "provider": ""
                },
                "data.aws_ami.amazon": {
                    "type": "aws_ami",
                    "depends_on": [],
                    "primary": {
                        "id": "ami-bd0111ab",
                        "attributes": {
                            "architecture": "x86_64",
                            "block_device_mappings.#": "1",
                            "block_device_mappings.340275815.device_name": "/dev/xvda",
                            "block_device_mappings.340275815.ebs.%": "6",
                            "block_device_mappings.340275815.ebs.delete_on_termination": "true",
                            "block_device_mappings.340275815.ebs.encrypted": "false",
                            "block_device_mappings.340275815.ebs.iops": "0",
                            "block_device_mappings.340275815.ebs.snapshot_id": "snap-600fa176",
                            "block_device_mappings.340275815.ebs.volume_size": "8",
                            "block_device_mappings.340275815.ebs.volume_type": "gp2",
                            "block_device_mappings.340275815.no_device": "",
                            "block_device_mappings.340275815.virtual_name": "",
                            "creation_date": "2017-07-20T15:22:53.000Z",
                            "description": "Amazon Linux with docker-compose and jq",
                            "filter.#": "1",
                            "filter.363732603.name": "name",
                            "filter.363732603.values.#": "1",
                            "filter.363732603.values.0": "ec2_instance_of_doom",
                            "hypervisor": "xen",
                            "id": "ami-bd0111ab",
                            "image_id": "ami-bd0111ab",
                            "image_location": "195056086334/ec2_instance_of_doom",
                            "image_type": "machine",
                            "most_recent": "false",
                            "name": "ec2_instance_of_doom",
                            "owner_id": "195056086334",
                            "owners.#": "1",
                            "owners.0": "195056086334",
                            "product_codes.#": "0",
                            "public": "false",
                            "root_device_name": "/dev/xvda",
                            "root_device_type": "ebs",
                            "sriov_net_support": "simple",
                            "state": "available",
                            "state_reason.%": "2",
                            "state_reason.code": "UNSET",
                            "state_reason.message": "UNSET",
                            "tags.#": "0",
                            "virtualization_type": "hvm"
                        },
                        "meta": {},
                        "tainted": false
                    },
                    "deposed": [],
                    "provider": ""
                },
                "data.aws_iam_policy_document.key_doc": {
                    "type": "aws_iam_policy_document",
                    "depends_on": [],
                    "primary": {
                        "id": "507348201",
                        "attributes": {
                            "id": "507348201",
                            "json": "{\n  \"Version\": \"2012-10-17\",\n  \"Statement\": [\n    {\n      \"Sid\": \"\",\n      \"Effect\": \"Allow\",\n      \"Action\": \"kms:*\",\n      \"Resource\": \"*\",\n      \"Principal\": {\n        \"AWS\": \"arn:aws:iam::195056086334:root\"\n      }\n    }\n  ]\n}",
                            "statement.#": "1",
                            "statement.0.actions.#": "1",
                            "statement.0.actions.1011197950": "kms:*",
                            "statement.0.condition.#": "0",
                            "statement.0.effect": "Allow",
                            "statement.0.not_actions.#": "0",
                            "statement.0.not_principals.#": "0",
                            "statement.0.not_resources.#": "0",
                            "statement.0.principals.#": "1",
                            "statement.0.principals.3429249134.identifiers.#": "1",
                            "statement.0.principals.3429249134.identifiers.882005846": "arn:aws:iam::195056086334:root",
                            "statement.0.principals.3429249134.type": "AWS",
                            "statement.0.resources.#": "1",
                            "statement.0.resources.2679715827": "*",
                            "statement.0.sid": ""
                        },
                        "meta": {},
                        "tainted": false
                    },
                    "deposed": [],
                    "provider": ""
                },
                "data.aws_iam_policy_document.role_doc": {
                    "type": "aws_iam_policy_document",
                    "depends_on": [],
                    "primary": {
                        "id": "1903849331",
                        "attributes": {
                            "id": "1903849331",
                            "json": "{\n  \"Version\": \"2012-10-17\",\n  \"Statement\": [\n    {\n      \"Sid\": \"\",\n      \"Effect\": \"Allow\",\n      \"Action\": \"sts:AssumeRole\",\n      \"Principal\": {\n        \"Service\": \"ec2.amazonaws.com\"\n      }\n    }\n  ]\n}",
                            "statement.#": "1",
                            "statement.0.actions.#": "1",
                            "statement.0.actions.2528466339": "sts:AssumeRole",
                            "statement.0.condition.#": "0",
                            "statement.0.effect": "Allow",
                            "statement.0.not_actions.#": "0",
                            "statement.0.not_principals.#": "0",
                            "statement.0.not_resources.#": "0",
                            "statement.0.principals.#": "1",
                            "statement.0.principals.1134724139.identifiers.#": "1",
                            "statement.0.principals.1134724139.identifiers.3655884555": "ec2.amazonaws.com",
                            "statement.0.principals.1134724139.type": "Service",
                            "statement.0.resources.#": "0",
                            "statement.0.sid": ""
                        },
                        "meta": {},
                        "tainted": false
                    },
                    "deposed": [],
                    "provider": ""
                },
                "data.aws_iam_policy_document.role_policy_doc": {
                    "type": "aws_iam_policy_document",
                    "depends_on": [
                        "aws_cloudwatch_log_group.log_group"
                    ],
                    "primary": {
                        "id": "2760631093",
                        "attributes": {
                            "id": "2760631093",
                            "json": "{\n  \"Version\": \"2012-10-17\",\n  \"Statement\": [\n    {\n      \"Sid\": \"\",\n      \"Effect\": \"Allow\",\n      \"Action\": \"ssm:*\",\n      \"Resource\": \"arn:aws:ssm:us-east-1:195056086334:parameter/toggle-service/o5a/stqa/*\"\n    },\n    {\n      \"Sid\": \"\",\n      \"Effect\": \"Allow\",\n      \"Action\": \"ssm:*\",\n      \"Resource\": \"arn:aws:ssm:us-east-1:195056086334:parameter/artifactory2.*\"\n    },\n    {\n      \"Sid\": \"\",\n      \"Effect\": \"Allow\",\n      \"Action\": \"logs:*\",\n      \"Resource\": \"arn:aws:logs:us-east-1:195056086334:log-group:toggle-service-O5A-STQA-dark:*\"\n    },\n    {\n      \"Sid\": \"\",\n      \"Effect\": \"Allow\",\n      \"Action\": \"kms:Decrypt\",\n      \"Resource\": \"arn:aws:kms:us-east-1:195056086334:key/57b7e9e3-50a7-4f11-9731-b4b399e9558e\"\n    }\n  ]\n}",
                            "statement.#": "4",
                            "statement.0.actions.#": "1",
                            "statement.0.actions.3168153159": "ssm:*",
                            "statement.0.condition.#": "0",
                            "statement.0.effect": "Allow",
                            "statement.0.not_actions.#": "0",
                            "statement.0.not_principals.#": "0",
                            "statement.0.not_resources.#": "0",
                            "statement.0.principals.#": "0",
                            "statement.0.resources.#": "1",
                            "statement.0.resources.2002148863": "arn:aws:ssm:us-east-1:195056086334:parameter/toggle-service/o5a/stqa/*",
                            "statement.0.sid": "",
                            "statement.1.actions.#": "1",
                            "statement.1.actions.3168153159": "ssm:*",
                            "statement.1.condition.#": "0",
                            "statement.1.effect": "Allow",
                            "statement.1.not_actions.#": "0",
                            "statement.1.not_principals.#": "0",
                            "statement.1.not_resources.#": "0",
                            "statement.1.principals.#": "0",
                            "statement.1.resources.#": "1",
                            "statement.1.resources.110129497": "arn:aws:ssm:us-east-1:195056086334:parameter/artifactory2.*",
                            "statement.1.sid": "",
                            "statement.2.actions.#": "1",
                            "statement.2.actions.2380047621": "logs:*",
                            "statement.2.condition.#": "0",
                            "statement.2.effect": "Allow",
                            "statement.2.not_actions.#": "0",
                            "statement.2.not_principals.#": "0",
                            "statement.2.not_resources.#": "0",
                            "statement.2.principals.#": "0",
                            "statement.2.resources.#": "1",
                            "statement.2.resources.1178894863": "arn:aws:logs:us-east-1:195056086334:log-group:toggle-service-O5A-STQA-dark:*",
                            "statement.2.sid": "",
                            "statement.3.actions.#": "1",
                            "statement.3.actions.3733000735": "kms:Decrypt",
                            "statement.3.condition.#": "0",
                            "statement.3.effect": "Allow",
                            "statement.3.not_actions.#": "0",
                            "statement.3.not_principals.#": "0",
                            "statement.3.not_resources.#": "0",
                            "statement.3.principals.#": "0",
                            "statement.3.resources.#": "1",
                            "statement.3.resources.2936581089": "arn:aws:kms:us-east-1:195056086334:key/57b7e9e3-50a7-4f11-9731-b4b399e9558e",
                            "statement.3.sid": ""
                        },
                        "meta": {},
                        "tainted": false
                    },
                    "deposed": [],
                    "provider": ""
                },
                "data.aws_route53_zone.zone": {
                    "type": "aws_route53_zone",
                    "depends_on": [],
                    "primary": {
                        "id": "Z3M6ZF4LCNB7AH",
                        "attributes": {
                            "caller_reference": "9B9837EE-DD95-22C9-BB3A-7107892CC4AF",
                            "comment": "",
                            "id": "Z3M6ZF4LCNB7AH",
                            "name": "hbccommon.private.hbc.com.",
                            "private_zone": "false",
                            "resource_record_set_count": "48",
                            "zone_id": "Z3M6ZF4LCNB7AH"
                        },
                        "meta": {},
                        "tainted": false
                    },
                    "deposed": [],
                    "provider": ""
                },
                "data.template_file.docker-compose": {
                    "type": "template_file",
                    "depends_on": [
                        "aws_cloudwatch_log_group.log_group",
                        "data.template_file.env_vars.*"
                    ],
                    "primary": {
                        "id": "12bd38ef930547dc678245457d7170776adab8a8548fd86784c20d3575f82b9b",
                        "attributes": {
                            "id": "12bd38ef930547dc678245457d7170776adab8a8548fd86784c20d3575f82b9b",
                            "rendered": "version: '3'\nservices:\n  toggle-service:\n    container_name: toggle-service\n    image: hbc-docker.jfrog.io/toggle-service:1.2.0\n    restart: always\n    ports:\n      - 9860:9860\n    environment:\n    - APP_NAME=toggle-service\n    - HBC_BANNER=o5a\n    - HBC_ENV=stqa\n    - MONGO_DB_NAME=toggle\n    - MONGO_HOST=172.26.112.206/toggle\n    - MONGO_PASSWORD_SECRET_KEY=mongoPassword\n    - MONGO_USER=username\n    - NEW_RELIC_APP_NAME=toggle-service-O5A-STQA\n    - NEW_RELIC_LICENSE_KEY=19f2e2cc71772759d57de1e3bf7c03a4e0353c4e\n\n    logging:\n        driver: awslogs\n        options:\n          awslogs-region: us-east-1\n          awslogs-group: toggle-service-O5A-STQA-dark\n          tag: rogue-squadron-stqa\n",
                            "template": "version: '3'\nservices:\n  toggle-service:\n    container_name: toggle-service\n    image: hbc-docker.jfrog.io/toggle-service:1.2.0\n    restart: always\n    ports:\n      - 9860:9860\n    environment:\n    - APP_NAME=toggle-service\n    - HBC_BANNER=o5a\n    - HBC_ENV=stqa\n    - MONGO_DB_NAME=toggle\n    - MONGO_HOST=172.26.112.206/toggle\n    - MONGO_PASSWORD_SECRET_KEY=mongoPassword\n    - MONGO_USER=username\n    - NEW_RELIC_APP_NAME=toggle-service-O5A-STQA\n    - NEW_RELIC_LICENSE_KEY=19f2e2cc71772759d57de1e3bf7c03a4e0353c4e\n\n    logging:\n        driver: awslogs\n        options:\n          awslogs-region: us-east-1\n          awslogs-group: toggle-service-O5A-STQA-dark\n          tag: rogue-squadron-stqa\n"
                        },
                        "meta": {},
                        "tainted": false
                    },
                    "deposed": [],
                    "provider": ""
                },
                "data.template_file.env_vars.0": {
                    "type": "template_file",
                    "depends_on": [],
                    "primary": {
                        "id": "a3949d026492b9d2133df572ad2b046649418a11cf3478122e50c8974121ff6e",
                        "attributes": {
                            "id": "a3949d026492b9d2133df572ad2b046649418a11cf3478122e50c8974121ff6e",
                            "rendered": "    - APP_NAME=toggle-service\n",
                            "template": "    - APP_NAME=toggle-service\n"
                        },
                        "meta": {},
                        "tainted": false
                    },
                    "deposed": [],
                    "provider": ""
                },
                "data.template_file.env_vars.1": {
                    "type": "template_file",
                    "depends_on": [],
                    "primary": {
                        "id": "fcd48aa04a144bcb1739a644d4380ebc1007e20c19d743809ced91ba409c81a9",
                        "attributes": {
                            "id": "fcd48aa04a144bcb1739a644d4380ebc1007e20c19d743809ced91ba409c81a9",
                            "rendered": "    - HBC_BANNER=o5a\n",
                            "template": "    - HBC_BANNER=o5a\n"
                        },
                        "meta": {},
                        "tainted": false
                    },
                    "deposed": [],
                    "provider": ""
                },
                "data.template_file.env_vars.2": {
                    "type": "template_file",
                    "depends_on": [],
                    "primary": {
                        "id": "6386e1f7643847d17306d79c79463f40769355b0633c068d5fc77fbc54e33728",
                        "attributes": {
                            "id": "6386e1f7643847d17306d79c79463f40769355b0633c068d5fc77fbc54e33728",
                            "rendered": "    - HBC_ENV=stqa\n",
                            "template": "    - HBC_ENV=stqa\n"
                        },
                        "meta": {},
                        "tainted": false
                    },
                    "deposed": [],
                    "provider": ""
                },
                "data.template_file.env_vars.3": {
                    "type": "template_file",
                    "depends_on": [],
                    "primary": {
                        "id": "6f5dea43fde25f04f2c86fa8339df19663d1dc24a7d25b0b4f6a00f85446c509",
                        "attributes": {
                            "id": "6f5dea43fde25f04f2c86fa8339df19663d1dc24a7d25b0b4f6a00f85446c509",
                            "rendered": "    - MONGO_DB_NAME=toggle\n",
                            "template": "    - MONGO_DB_NAME=toggle\n"
                        },
                        "meta": {},
                        "tainted": false
                    },
                    "deposed": [],
                    "provider": ""
                },
                "data.template_file.env_vars.4": {
                    "type": "template_file",
                    "depends_on": [],
                    "primary": {
                        "id": "b19ef24a2603fd7072361ecd99cd745b46b8e3340cd95ed69ac6b958fbf29cd1",
                        "attributes": {
                            "id": "b19ef24a2603fd7072361ecd99cd745b46b8e3340cd95ed69ac6b958fbf29cd1",
                            "rendered": "    - MONGO_HOST=172.26.112.206/toggle\n",
                            "template": "    - MONGO_HOST=172.26.112.206/toggle\n"
                        },
                        "meta": {},
                        "tainted": false
                    },
                    "deposed": [],
                    "provider": ""
                },
                "data.template_file.env_vars.5": {
                    "type": "template_file",
                    "depends_on": [],
                    "primary": {
                        "id": "2c73717b3daa79e6af5e3be19b842662dd4663862dedd5da3c5a2359f330b844",
                        "attributes": {
                            "id": "2c73717b3daa79e6af5e3be19b842662dd4663862dedd5da3c5a2359f330b844",
                            "rendered": "    - MONGO_PASSWORD_SECRET_KEY=mongoPassword\n",
                            "template": "    - MONGO_PASSWORD_SECRET_KEY=mongoPassword\n"
                        },
                        "meta": {},
                        "tainted": false
                    },
                    "deposed": [],
                    "provider": ""
                },
                "data.template_file.env_vars.6": {
                    "type": "template_file",
                    "depends_on": [],
                    "primary": {
                        "id": "cee22ff50cb2346bc1f02ab10b7a3ca6b4ac8a54736c1b26cf3600517134e42c",
                        "attributes": {
                            "id": "cee22ff50cb2346bc1f02ab10b7a3ca6b4ac8a54736c1b26cf3600517134e42c",
                            "rendered": "    - MONGO_USER=username\n",
                            "template": "    - MONGO_USER=username\n"
                        },
                        "meta": {},
                        "tainted": false
                    },
                    "deposed": [],
                    "provider": ""
                },
                "data.template_file.env_vars.7": {
                    "type": "template_file",
                    "depends_on": [],
                    "primary": {
                        "id": "80482439f0f6fb8389cc0059c82e94053697637786c5d63c60e316c148ffa0ef",
                        "attributes": {
                            "id": "80482439f0f6fb8389cc0059c82e94053697637786c5d63c60e316c148ffa0ef",
                            "rendered": "    - NEW_RELIC_APP_NAME=toggle-service-O5A-STQA\n",
                            "template": "    - NEW_RELIC_APP_NAME=toggle-service-O5A-STQA\n"
                        },
                        "meta": {},
                        "tainted": false
                    },
                    "deposed": [],
                    "provider": ""
                },
                "data.template_file.env_vars.8": {
                    "type": "template_file",
                    "depends_on": [],
                    "primary": {
                        "id": "e2fe1b7560b46de084f532e0dec8008528aa15410d402285918a3eae752ebec1",
                        "attributes": {
                            "id": "e2fe1b7560b46de084f532e0dec8008528aa15410d402285918a3eae752ebec1",
                            "rendered": "    - NEW_RELIC_LICENSE_KEY=19f2e2cc71772759d57de1e3bf7c03a4e0353c4e\n",
                            "template": "    - NEW_RELIC_LICENSE_KEY=19f2e2cc71772759d57de1e3bf7c03a4e0353c4e\n"
                        },
                        "meta": {},
                        "tainted": false
                    },
                    "deposed": [],
                    "provider": ""
                },
                "data.template_file.userdata": {
                    "type": "template_file",
                    "depends_on": [
                        "data.template_file.docker-compose"
                    ],
                    "primary": {
                        "id": "1c5af47b17ef8e506b981aa67cb0efd58f2260521186e099f615fc8b53d3eadd",
                        "attributes": {
                            "id": "1c5af47b17ef8e506b981aa67cb0efd58f2260521186e099f615fc8b53d3eadd",
                            "rendered": "#!/bin/bash -v\n\n# Run app\nARTIFACTORY_PWD=$(aws ssm get-parameters --names artifactory2.password --with-decryption --region us-east-1 | jq -r .\"Parameters[0].Value\")\nARTIFACTORY_USERNAME=$(aws ssm get-parameters --names artifactory2.username --with-decryption --region us-east-1 | jq -r .\"Parameters[0].Value\")\n\nuntil docker login -u $ARTIFACTORY_USERNAME -p $ARTIFACTORY_PWD hbc-docker.jfrog.io; do sleep 2; done\n\necho \"version: '3'\nservices:\n  toggle-service:\n    container_name: toggle-service\n    image: hbc-docker.jfrog.io/toggle-service:1.2.0\n    restart: always\n    ports:\n      - 9860:9860\n    environment:\n    - APP_NAME=toggle-service\n    - HBC_BANNER=o5a\n    - HBC_ENV=stqa\n    - MONGO_DB_NAME=toggle\n    - MONGO_HOST=172.26.112.206/toggle\n    - MONGO_PASSWORD_SECRET_KEY=mongoPassword\n    - MONGO_USER=username\n    - NEW_RELIC_APP_NAME=toggle-service-O5A-STQA\n    - NEW_RELIC_LICENSE_KEY=19f2e2cc71772759d57de1e3bf7c03a4e0353c4e\n\n    logging:\n        driver: awslogs\n        options:\n          awslogs-region: us-east-1\n          awslogs-group: toggle-service-O5A-STQA-dark\n          tag: rogue-squadron-stqa\n\" \u003e docker-compose.yml\nuntil /usr/local/bin/docker-compose up -d; do sleep 2; done\n\n",
                            "template": "#!/bin/bash -v\n\n# Run app\nARTIFACTORY_PWD=$(aws ssm get-parameters --names artifactory2.password --with-decryption --region us-east-1 | jq -r .\"Parameters[0].Value\")\nARTIFACTORY_USERNAME=$(aws ssm get-parameters --names artifactory2.username --with-decryption --region us-east-1 | jq -r .\"Parameters[0].Value\")\n\nuntil docker login -u $ARTIFACTORY_USERNAME -p $ARTIFACTORY_PWD hbc-docker.jfrog.io; do sleep 2; done\n\necho \"${docker_compose}\" \u003e docker-compose.yml\nuntil /usr/local/bin/docker-compose up -d; do sleep 2; done\n\n",
                            "vars.%": "2",
                            "vars.aws_region": "us-east-1",
                            "vars.docker_compose": "version: '3'\nservices:\n  toggle-service:\n    container_name: toggle-service\n    image: hbc-docker.jfrog.io/toggle-service:1.2.0\n    restart: always\n    ports:\n      - 9860:9860\n    environment:\n    - APP_NAME=toggle-service\n    - HBC_BANNER=o5a\n    - HBC_ENV=stqa\n    - MONGO_DB_NAME=toggle\n    - MONGO_HOST=172.26.112.206/toggle\n    - MONGO_PASSWORD_SECRET_KEY=mongoPassword\n    - MONGO_USER=username\n    - NEW_RELIC_APP_NAME=toggle-service-O5A-STQA\n    - NEW_RELIC_LICENSE_KEY=19f2e2cc71772759d57de1e3bf7c03a4e0353c4e\n\n    logging:\n        driver: awslogs\n        options:\n          awslogs-region: us-east-1\n          awslogs-group: toggle-service-O5A-STQA-dark\n          tag: rogue-squadron-stqa\n"
                        },
                        "meta": {},
                        "tainted": false
                    },
                    "deposed": [],
                    "provider": ""
                }
            },
            "depends_on": []
        },
        {
            "path": [
                "root",
                "toggle-service",
                "live"
            ],
            "outputs": {
                "app_name": {
                    "sensitive": false,
                    "type": "string",
                    "value": "toggle-service"
                },
                "asg_name": {
                    "sensitive": false,
                    "type": "string",
                    "value": "toggle-service-O5A-STQA-live-terraform-007e002cf0dd23b1c4cfe6face"
                },
                "component": {
                    "sensitive": false,
                    "type": "string",
                    "value": "live"
                },
                "elb_hostname": {
                    "sensitive": false,
                    "type": "string",
                    "value": "toggle-service-O5A-STQA-live-425773192.us-east-1.elb.amazonaws.com"
                },
                "elb_name": {
                    "sensitive": false,
                    "type": "string",
                    "value": "toggle-service-O5A-STQA-live"
                },
                "fqdn": {
                    "sensitive": false,
                    "type": "string",
                    "value": "live.toggle-service-o5a-stqa.stqa.o5a.hbccommon.private.hbc.com"
                },
                "log_group": {
                    "sensitive": false,
                    "type": "string",
                    "value": "toggle-service-O5A-STQA-live"
                },
                "ping_path": {
                    "sensitive": false,
                    "type": "string",
                    "value": "/v1/toggle-service"
                }
            },
            "resources": {
                "aws_autoscaling_group.asg": {
                    "type": "aws_autoscaling_group",
                    "depends_on": [
                        "aws_elb.elb",
                        "aws_launch_configuration.lc"
                    ],
                    "primary": {
                        "id": "toggle-service-O5A-STQA-live-terraform-007e002cf0dd23b1c4cfe6face",
                        "attributes": {
                            "arn": "arn:aws:autoscaling:us-east-1:195056086334:autoScalingGroup:d1afa543-fffd-4074-8785-d3642723fdb8:autoScalingGroupName/toggle-service-O5A-STQA-live-terraform-007e002cf0dd23b1c4cfe6face",
                            "availability_zones.#": "2",
                            "availability_zones.1305112097": "us-east-1b",
                            "availability_zones.3569565595": "us-east-1a",
                            "default_cooldown": "300",
                            "desired_capacity": "1",
                            "force_delete": "false",
                            "health_check_grace_period": "300",
                            "health_check_type": "EC2",
                            "id": "toggle-service-O5A-STQA-live-terraform-007e002cf0dd23b1c4cfe6face",
                            "launch_configuration": "terraform-007e002cf0dd23b1c4cfe6face",
                            "load_balancers.#": "1",
                            "load_balancers.2772255488": "toggle-service-O5A-STQA-live",
                            "max_size": "3",
                            "metrics_granularity": "1Minute",
                            "min_size": "1",
                            "name": "toggle-service-O5A-STQA-live-terraform-007e002cf0dd23b1c4cfe6face",
                            "placement_group": "",
                            "protect_from_scale_in": "false",
                            "suspended_processes.#": "0",
                            "tag.#": "4",
                            "tag.1670298754.key": "hbc_banner",
                            "tag.1670298754.propagate_at_launch": "true",
                            "tag.1670298754.value": "o5a",
                            "tag.3448338504.key": "hbc_group",
                            "tag.3448338504.propagate_at_launch": "true",
                            "tag.3448338504.value": "rogue-squadron",
                            "tag.3592912016.key": "Name",
                            "tag.3592912016.propagate_at_launch": "true",
                            "tag.3592912016.value": "toggle-service-O5A-STQA-live",
                            "tag.82283181.key": "hbc_env",
                            "tag.82283181.propagate_at_launch": "true",
                            "tag.82283181.value": "stqa",
                            "target_group_arns.#": "0",
                            "termination_policies.#": "0",
                            "vpc_zone_identifier.#": "2",
                            "vpc_zone_identifier.1437409657": "subnet-7beca033",
                            "vpc_zone_identifier.836940805": "subnet-809e0aac",
                            "wait_for_capacity_timeout": "10m",
                            "wait_for_elb_capacity": "1"
                        },
                        "meta": {},
                        "tainted": false
                    },
                    "deposed": [],
                    "provider": ""
                },
                "aws_cloudwatch_log_group.log_group": {
                    "type": "aws_cloudwatch_log_group",
                    "depends_on": [],
                    "primary": {
                        "id": "toggle-service-O5A-STQA-live",
                        "attributes": {
                            "arn": "arn:aws:logs:us-east-1:195056086334:log-group:toggle-service-O5A-STQA-live:*",
                            "id": "toggle-service-O5A-STQA-live",
                            "name": "toggle-service-O5A-STQA-live",
                            "retention_in_days": "0",
                            "tags.%": "3",
                            "tags.hbc_banner": "o5a",
                            "tags.hbc_env": "stqa",
                            "tags.hbc_group": "rogue-squadron"
                        },
                        "meta": {},
                        "tainted": false
                    },
                    "deposed": [],
                    "provider": ""
                },
                "aws_elb.elb": {
                    "type": "aws_elb",
                    "depends_on": [],
                    "primary": {
                        "id": "toggle-service-O5A-STQA-live",
                        "attributes": {
                            "access_logs.#": "0",
                            "availability_zones.#": "2",
                            "availability_zones.1305112097": "us-east-1b",
                            "availability_zones.3569565595": "us-east-1a",
                            "connection_draining": "false",
                            "connection_draining_timeout": "300",
                            "cross_zone_load_balancing": "true",
                            "dns_name": "toggle-service-O5A-STQA-live-425773192.us-east-1.elb.amazonaws.com",
                            "health_check.#": "1",
                            "health_check.0.healthy_threshold": "2",
                            "health_check.0.interval": "5",
                            "health_check.0.target": "HTTP:9860/v1/toggle-service",
                            "health_check.0.timeout": "3",
                            "health_check.0.unhealthy_threshold": "2",
                            "id": "toggle-service-O5A-STQA-live",
                            "idle_timeout": "60",
                            "instances.#": "1",
                            "instances.2551318021": "i-0d7c11b9ee9dcf0d0",
                            "internal": "false",
                            "listener.#": "1",
                            "listener.1808423601.instance_port": "9860",
                            "listener.1808423601.instance_protocol": "http",
                            "listener.1808423601.lb_port": "80",
                            "listener.1808423601.lb_protocol": "http",
                            "listener.1808423601.ssl_certificate_id": "",
                            "name": "toggle-service-O5A-STQA-live",
                            "security_groups.#": "1",
                            "security_groups.916553409": "sg-c70f37b6",
                            "source_security_group": "195056086334/rogue_squadron_private_load_balancer",
                            "source_security_group_id": "sg-c70f37b6",
                            "subnets.#": "2",
                            "subnets.1195353774": "subnet-ced39f86",
                            "subnets.1774070674": "subnet-e88612c4",
                            "tags.%": "3",
                            "tags.hbc_banner": "o5a",
                            "tags.hbc_env": "stqa",
                            "tags.hbc_group": "rogue-squadron",
                            "zone_id": "Z35SXDOTRQ7X7K"
                        },
                        "meta": {},
                        "tainted": false
                    },
                    "deposed": [],
                    "provider": ""
                },
                "aws_iam_instance_profile.instance_profile": {
                    "type": "aws_iam_instance_profile",
                    "depends_on": [
                        "aws_iam_role.role"
                    ],
                    "primary": {
                        "id": "toggle-service-O5A-STQA-live-stqa-o5a-instance-profile",
                        "attributes": {
                            "arn": "arn:aws:iam::195056086334:instance-profile/toggle-service-O5A-STQA-live-stqa-o5a-instance-profile",
                            "id": "toggle-service-O5A-STQA-live-stqa-o5a-instance-profile",
                            "name": "toggle-service-O5A-STQA-live-stqa-o5a-instance-profile",
                            "path": "/",
                            "role": "toggle-service-O5A-STQA-live-stqa-o5a-role",
                            "roles.#": "1",
                            "roles.2362432087": "toggle-service-O5A-STQA-live-stqa-o5a-role",
                            "unique_id": "AIPAIUDZQEEMU22O6BREY"
                        },
                        "meta": {},
                        "tainted": false
                    },
                    "deposed": [],
                    "provider": ""
                },
                "aws_iam_role.role": {
                    "type": "aws_iam_role",
                    "depends_on": [
                        "data.aws_iam_policy_document.role_doc"
                    ],
                    "primary": {
                        "id": "toggle-service-O5A-STQA-live-stqa-o5a-role",
                        "attributes": {
                            "arn": "arn:aws:iam::195056086334:role/toggle-service-O5A-STQA-live-stqa-o5a-role",
                            "assume_role_policy": "{\"Version\":\"2012-10-17\",\"Statement\":[{\"Sid\":\"\",\"Effect\":\"Allow\",\"Principal\":{\"Service\":\"ec2.amazonaws.com\"},\"Action\":\"sts:AssumeRole\"}]}",
                            "create_date": "2017-08-23T19:30:14Z",
                            "id": "toggle-service-O5A-STQA-live-stqa-o5a-role",
                            "name": "toggle-service-O5A-STQA-live-stqa-o5a-role",
                            "path": "/",
                            "unique_id": "AROAJFIVYRCYV2VRL4MLI"
                        },
                        "meta": {},
                        "tainted": false
                    },
                    "deposed": [],
                    "provider": ""
                },
                "aws_iam_role_policy.iam_role_policy": {
                    "type": "aws_iam_role_policy",
                    "depends_on": [
                        "aws_iam_role.role",
                        "data.aws_iam_policy_document.role_policy_doc"
                    ],
                    "primary": {
                        "id": "toggle-service-O5A-STQA-live-stqa-o5a-role:toggle-service-O5A-STQA-live-stqa-o5a-role-policy",
                        "attributes": {
                            "id": "toggle-service-O5A-STQA-live-stqa-o5a-role:toggle-service-O5A-STQA-live-stqa-o5a-role-policy",
                            "name": "toggle-service-O5A-STQA-live-stqa-o5a-role-policy",
                            "policy": "{\n  \"Version\": \"2012-10-17\",\n  \"Statement\": [\n    {\n      \"Sid\": \"\",\n      \"Effect\": \"Allow\",\n      \"Action\": \"ssm:*\",\n      \"Resource\": \"arn:aws:ssm:us-east-1:195056086334:parameter/toggle-service/o5a/stqa/*\"\n    },\n    {\n      \"Sid\": \"\",\n      \"Effect\": \"Allow\",\n      \"Action\": \"ssm:*\",\n      \"Resource\": \"arn:aws:ssm:us-east-1:195056086334:parameter/artifactory2.*\"\n    },\n    {\n      \"Sid\": \"\",\n      \"Effect\": \"Allow\",\n      \"Action\": \"logs:*\",\n      \"Resource\": \"arn:aws:logs:us-east-1:195056086334:log-group:toggle-service-O5A-STQA-live:*\"\n    },\n    {\n      \"Sid\": \"\",\n      \"Effect\": \"Allow\",\n      \"Action\": \"kms:Decrypt\",\n      \"Resource\": \"arn:aws:kms:us-east-1:195056086334:key/57b7e9e3-50a7-4f11-9731-b4b399e9558e\"\n    }\n  ]\n}",
                            "role": "toggle-service-O5A-STQA-live-stqa-o5a-role"
                        },
                        "meta": {},
                        "tainted": false
                    },
                    "deposed": [],
                    "provider": ""
                },
                "aws_launch_configuration.lc": {
                    "type": "aws_launch_configuration",
                    "depends_on": [
                        "aws_iam_instance_profile.instance_profile",
                        "data.aws_ami.amazon",
                        "data.template_file.userdata"
                    ],
                    "primary": {
                        "id": "terraform-007e002cf0dd23b1c4cfe6face",
                        "attributes": {
                            "associate_public_ip_address": "false",
                            "ebs_block_device.#": "0",
                            "ebs_optimized": "false",
                            "enable_monitoring": "true",
                            "ephemeral_block_device.#": "0",
                            "iam_instance_profile": "toggle-service-O5A-STQA-live-stqa-o5a-instance-profile",
                            "id": "terraform-007e002cf0dd23b1c4cfe6face",
                            "image_id": "ami-bd0111ab",
                            "instance_type": "t2.micro",
                            "key_name": "rogue_squadron_shared",
                            "name": "terraform-007e002cf0dd23b1c4cfe6face",
                            "root_block_device.#": "0",
                            "security_groups.#": "1",
                            "security_groups.2434876198": "sg-400f3731",
                            "spot_price": "",
                            "user_data": "9adc477afdad3e7833ecfe9db355822eb53e4f61",
                            "vpc_classic_link_id": "",
                            "vpc_classic_link_security_groups.#": "0"
                        },
                        "meta": {},
                        "tainted": false
                    },
                    "deposed": [],
                    "provider": ""
                },
                "aws_route53_record.entry": {
                    "type": "aws_route53_record",
                    "depends_on": [
                        "aws_elb.elb",
                        "data.aws_route53_zone.zone"
                    ],
                    "primary": {
                        "id": "Z3M6ZF4LCNB7AH_live.toggle-service-o5a-stqa.stqa.o5a.hbccommon.private.hbc.com_A",
                        "attributes": {
                            "alias.#": "1",
                            "alias.450944299.evaluate_target_health": "false",
                            "alias.450944299.name": "toggle-service-o5a-stqa-live-425773192.us-east-1.elb.amazonaws.com",
                            "alias.450944299.zone_id": "Z35SXDOTRQ7X7K",
                            "fqdn": "live.toggle-service-o5a-stqa.stqa.o5a.hbccommon.private.hbc.com",
                            "health_check_id": "",
                            "id": "Z3M6ZF4LCNB7AH_live.toggle-service-o5a-stqa.stqa.o5a.hbccommon.private.hbc.com_A",
                            "name": "live.toggle-service-o5a-stqa.stqa.o5a.hbccommon.private.hbc.com",
                            "records.#": "0",
                            "set_identifier": "",
                            "ttl": "0",
                            "type": "A",
                            "zone_id": "Z3M6ZF4LCNB7AH"
                        },
                        "meta": {
                            "schema_version": "2"
                        },
                        "tainted": false
                    },
                    "deposed": [],
                    "provider": ""
                },
                "data.aws_ami.amazon": {
                    "type": "aws_ami",
                    "depends_on": [],
                    "primary": {
                        "id": "ami-bd0111ab",
                        "attributes": {
                            "architecture": "x86_64",
                            "block_device_mappings.#": "1",
                            "block_device_mappings.340275815.device_name": "/dev/xvda",
                            "block_device_mappings.340275815.ebs.%": "6",
                            "block_device_mappings.340275815.ebs.delete_on_termination": "true",
                            "block_device_mappings.340275815.ebs.encrypted": "false",
                            "block_device_mappings.340275815.ebs.iops": "0",
                            "block_device_mappings.340275815.ebs.snapshot_id": "snap-600fa176",
                            "block_device_mappings.340275815.ebs.volume_size": "8",
                            "block_device_mappings.340275815.ebs.volume_type": "gp2",
                            "block_device_mappings.340275815.no_device": "",
                            "block_device_mappings.340275815.virtual_name": "",
                            "creation_date": "2017-07-20T15:22:53.000Z",
                            "description": "Amazon Linux with docker-compose and jq",
                            "filter.#": "1",
                            "filter.363732603.name": "name",
                            "filter.363732603.values.#": "1",
                            "filter.363732603.values.0": "ec2_instance_of_doom",
                            "hypervisor": "xen",
                            "id": "ami-bd0111ab",
                            "image_id": "ami-bd0111ab",
                            "image_location": "195056086334/ec2_instance_of_doom",
                            "image_type": "machine",
                            "most_recent": "false",
                            "name": "ec2_instance_of_doom",
                            "owner_id": "195056086334",
                            "owners.#": "1",
                            "owners.0": "195056086334",
                            "product_codes.#": "0",
                            "public": "false",
                            "root_device_name": "/dev/xvda",
                            "root_device_type": "ebs",
                            "sriov_net_support": "simple",
                            "state": "available",
                            "state_reason.%": "2",
                            "state_reason.code": "UNSET",
                            "state_reason.message": "UNSET",
                            "tags.#": "0",
                            "virtualization_type": "hvm"
                        },
                        "meta": {},
                        "tainted": false
                    },
                    "deposed": [],
                    "provider": ""
                },
                "data.aws_iam_policy_document.key_doc": {
                    "type": "aws_iam_policy_document",
                    "depends_on": [],
                    "primary": {
                        "id": "507348201",
                        "attributes": {
                            "id": "507348201",
                            "json": "{\n  \"Version\": \"2012-10-17\",\n  \"Statement\": [\n    {\n      \"Sid\": \"\",\n      \"Effect\": \"Allow\",\n      \"Action\": \"kms:*\",\n      \"Resource\": \"*\",\n      \"Principal\": {\n        \"AWS\": \"arn:aws:iam::195056086334:root\"\n      }\n    }\n  ]\n}",
                            "statement.#": "1",
                            "statement.0.actions.#": "1",
                            "statement.0.actions.1011197950": "kms:*",
                            "statement.0.condition.#": "0",
                            "statement.0.effect": "Allow",
                            "statement.0.not_actions.#": "0",
                            "statement.0.not_principals.#": "0",
                            "statement.0.not_resources.#": "0",
                            "statement.0.principals.#": "1",
                            "statement.0.principals.3429249134.identifiers.#": "1",
                            "statement.0.principals.3429249134.identifiers.882005846": "arn:aws:iam::195056086334:root",
                            "statement.0.principals.3429249134.type": "AWS",
                            "statement.0.resources.#": "1",
                            "statement.0.resources.2679715827": "*",
                            "statement.0.sid": ""
                        },
                        "meta": {},
                        "tainted": false
                    },
                    "deposed": [],
                    "provider": ""
                },
                "data.aws_iam_policy_document.role_doc": {
                    "type": "aws_iam_policy_document",
                    "depends_on": [],
                    "primary": {
                        "id": "1903849331",
                        "attributes": {
                            "id": "1903849331",
                            "json": "{\n  \"Version\": \"2012-10-17\",\n  \"Statement\": [\n    {\n      \"Sid\": \"\",\n      \"Effect\": \"Allow\",\n      \"Action\": \"sts:AssumeRole\",\n      \"Principal\": {\n        \"Service\": \"ec2.amazonaws.com\"\n      }\n    }\n  ]\n}",
                            "statement.#": "1",
                            "statement.0.actions.#": "1",
                            "statement.0.actions.2528466339": "sts:AssumeRole",
                            "statement.0.condition.#": "0",
                            "statement.0.effect": "Allow",
                            "statement.0.not_actions.#": "0",
                            "statement.0.not_principals.#": "0",
                            "statement.0.not_resources.#": "0",
                            "statement.0.principals.#": "1",
                            "statement.0.principals.1134724139.identifiers.#": "1",
                            "statement.0.principals.1134724139.identifiers.3655884555": "ec2.amazonaws.com",
                            "statement.0.principals.1134724139.type": "Service",
                            "statement.0.resources.#": "0",
                            "statement.0.sid": ""
                        },
                        "meta": {},
                        "tainted": false
                    },
                    "deposed": [],
                    "provider": ""
                },
                "data.aws_iam_policy_document.role_policy_doc": {
                    "type": "aws_iam_policy_document",
                    "depends_on": [
                        "aws_cloudwatch_log_group.log_group"
                    ],
                    "primary": {
                        "id": "2799812552",
                        "attributes": {
                            "id": "2799812552",
                            "json": "{\n  \"Version\": \"2012-10-17\",\n  \"Statement\": [\n    {\n      \"Sid\": \"\",\n      \"Effect\": \"Allow\",\n      \"Action\": \"ssm:*\",\n      \"Resource\": \"arn:aws:ssm:us-east-1:195056086334:parameter/toggle-service/o5a/stqa/*\"\n    },\n    {\n      \"Sid\": \"\",\n      \"Effect\": \"Allow\",\n      \"Action\": \"ssm:*\",\n      \"Resource\": \"arn:aws:ssm:us-east-1:195056086334:parameter/artifactory2.*\"\n    },\n    {\n      \"Sid\": \"\",\n      \"Effect\": \"Allow\",\n      \"Action\": \"logs:*\",\n      \"Resource\": \"arn:aws:logs:us-east-1:195056086334:log-group:toggle-service-O5A-STQA-live:*\"\n    },\n    {\n      \"Sid\": \"\",\n      \"Effect\": \"Allow\",\n      \"Action\": \"kms:Decrypt\",\n      \"Resource\": \"arn:aws:kms:us-east-1:195056086334:key/57b7e9e3-50a7-4f11-9731-b4b399e9558e\"\n    }\n  ]\n}",
                            "statement.#": "4",
                            "statement.0.actions.#": "1",
                            "statement.0.actions.3168153159": "ssm:*",
                            "statement.0.condition.#": "0",
                            "statement.0.effect": "Allow",
                            "statement.0.not_actions.#": "0",
                            "statement.0.not_principals.#": "0",
                            "statement.0.not_resources.#": "0",
                            "statement.0.principals.#": "0",
                            "statement.0.resources.#": "1",
                            "statement.0.resources.2002148863": "arn:aws:ssm:us-east-1:195056086334:parameter/toggle-service/o5a/stqa/*",
                            "statement.0.sid": "",
                            "statement.1.actions.#": "1",
                            "statement.1.actions.3168153159": "ssm:*",
                            "statement.1.condition.#": "0",
                            "statement.1.effect": "Allow",
                            "statement.1.not_actions.#": "0",
                            "statement.1.not_principals.#": "0",
                            "statement.1.not_resources.#": "0",
                            "statement.1.principals.#": "0",
                            "statement.1.resources.#": "1",
                            "statement.1.resources.110129497": "arn:aws:ssm:us-east-1:195056086334:parameter/artifactory2.*",
                            "statement.1.sid": "",
                            "statement.2.actions.#": "1",
                            "statement.2.actions.2380047621": "logs:*",
                            "statement.2.condition.#": "0",
                            "statement.2.effect": "Allow",
                            "statement.2.not_actions.#": "0",
                            "statement.2.not_principals.#": "0",
                            "statement.2.not_resources.#": "0",
                            "statement.2.principals.#": "0",
                            "statement.2.resources.#": "1",
                            "statement.2.resources.2359795702": "arn:aws:logs:us-east-1:195056086334:log-group:toggle-service-O5A-STQA-live:*",
                            "statement.2.sid": "",
                            "statement.3.actions.#": "1",
                            "statement.3.actions.3733000735": "kms:Decrypt",
                            "statement.3.condition.#": "0",
                            "statement.3.effect": "Allow",
                            "statement.3.not_actions.#": "0",
                            "statement.3.not_principals.#": "0",
                            "statement.3.not_resources.#": "0",
                            "statement.3.principals.#": "0",
                            "statement.3.resources.#": "1",
                            "statement.3.resources.2936581089": "arn:aws:kms:us-east-1:195056086334:key/57b7e9e3-50a7-4f11-9731-b4b399e9558e",
                            "statement.3.sid": ""
                        },
                        "meta": {},
                        "tainted": false
                    },
                    "deposed": [],
                    "provider": ""
                },
                "data.aws_route53_zone.zone": {
                    "type": "aws_route53_zone",
                    "depends_on": [],
                    "primary": {
                        "id": "Z3M6ZF4LCNB7AH",
                        "attributes": {
                            "caller_reference": "9B9837EE-DD95-22C9-BB3A-7107892CC4AF",
                            "comment": "",
                            "id": "Z3M6ZF4LCNB7AH",
                            "name": "hbccommon.private.hbc.com.",
                            "private_zone": "false",
                            "resource_record_set_count": "48",
                            "zone_id": "Z3M6ZF4LCNB7AH"
                        },
                        "meta": {},
                        "tainted": false
                    },
                    "deposed": [],
                    "provider": ""
                },
                "data.template_file.docker-compose": {
                    "type": "template_file",
                    "depends_on": [
                        "aws_cloudwatch_log_group.log_group",
                        "data.template_file.env_vars.*"
                    ],
                    "primary": {
                        "id": "730e5e91e2fa5ea9efaa0a12775728c3552b02ac446f8b4069f005a9b406771f",
                        "attributes": {
                            "id": "730e5e91e2fa5ea9efaa0a12775728c3552b02ac446f8b4069f005a9b406771f",
                            "rendered": "version: '3'\nservices:\n  toggle-service:\n    container_name: toggle-service\n    image: hbc-docker.jfrog.io/toggle-service:1.2.0\n    restart: always\n    ports:\n      - 9860:9860\n    environment:\n    - APP_NAME=toggle-service\n    - HBC_BANNER=o5a\n    - HBC_ENV=stqa\n    - MONGO_DB_NAME=toggle\n    - MONGO_HOST=172.26.112.206/toggle\n    - MONGO_PASSWORD_SECRET_KEY=mongoPassword\n    - MONGO_USER=username\n    - NEW_RELIC_APP_NAME=toggle-service-O5A-STQA\n    - NEW_RELIC_LICENSE_KEY=19f2e2cc71772759d57de1e3bf7c03a4e0353c4e\n\n    logging:\n        driver: awslogs\n        options:\n          awslogs-region: us-east-1\n          awslogs-group: toggle-service-O5A-STQA-live\n          tag: rogue-squadron-stqa\n",
                            "template": "version: '3'\nservices:\n  toggle-service:\n    container_name: toggle-service\n    image: hbc-docker.jfrog.io/toggle-service:1.2.0\n    restart: always\n    ports:\n      - 9860:9860\n    environment:\n    - APP_NAME=toggle-service\n    - HBC_BANNER=o5a\n    - HBC_ENV=stqa\n    - MONGO_DB_NAME=toggle\n    - MONGO_HOST=172.26.112.206/toggle\n    - MONGO_PASSWORD_SECRET_KEY=mongoPassword\n    - MONGO_USER=username\n    - NEW_RELIC_APP_NAME=toggle-service-O5A-STQA\n    - NEW_RELIC_LICENSE_KEY=19f2e2cc71772759d57de1e3bf7c03a4e0353c4e\n\n    logging:\n        driver: awslogs\n        options:\n          awslogs-region: us-east-1\n          awslogs-group: toggle-service-O5A-STQA-live\n          tag: rogue-squadron-stqa\n"
                        },
                        "meta": {},
                        "tainted": false
                    },
                    "deposed": [],
                    "provider": ""
                },
                "data.template_file.env_vars.0": {
                    "type": "template_file",
                    "depends_on": [],
                    "primary": {
                        "id": "a3949d026492b9d2133df572ad2b046649418a11cf3478122e50c8974121ff6e",
                        "attributes": {
                            "id": "a3949d026492b9d2133df572ad2b046649418a11cf3478122e50c8974121ff6e",
                            "rendered": "    - APP_NAME=toggle-service\n",
                            "template": "    - APP_NAME=toggle-service\n"
                        },
                        "meta": {},
                        "tainted": false
                    },
                    "deposed": [],
                    "provider": ""
                },
                "data.template_file.env_vars.1": {
                    "type": "template_file",
                    "depends_on": [],
                    "primary": {
                        "id": "fcd48aa04a144bcb1739a644d4380ebc1007e20c19d743809ced91ba409c81a9",
                        "attributes": {
                            "id": "fcd48aa04a144bcb1739a644d4380ebc1007e20c19d743809ced91ba409c81a9",
                            "rendered": "    - HBC_BANNER=o5a\n",
                            "template": "    - HBC_BANNER=o5a\n"
                        },
                        "meta": {},
                        "tainted": false
                    },
                    "deposed": [],
                    "provider": ""
                },
                "data.template_file.env_vars.2": {
                    "type": "template_file",
                    "depends_on": [],
                    "primary": {
                        "id": "6386e1f7643847d17306d79c79463f40769355b0633c068d5fc77fbc54e33728",
                        "attributes": {
                            "id": "6386e1f7643847d17306d79c79463f40769355b0633c068d5fc77fbc54e33728",
                            "rendered": "    - HBC_ENV=stqa\n",
                            "template": "    - HBC_ENV=stqa\n"
                        },
                        "meta": {},
                        "tainted": false
                    },
                    "deposed": [],
                    "provider": ""
                },
                "data.template_file.env_vars.3": {
                    "type": "template_file",
                    "depends_on": [],
                    "primary": {
                        "id": "6f5dea43fde25f04f2c86fa8339df19663d1dc24a7d25b0b4f6a00f85446c509",
                        "attributes": {
                            "id": "6f5dea43fde25f04f2c86fa8339df19663d1dc24a7d25b0b4f6a00f85446c509",
                            "rendered": "    - MONGO_DB_NAME=toggle\n",
                            "template": "    - MONGO_DB_NAME=toggle\n"
                        },
                        "meta": {},
                        "tainted": false
                    },
                    "deposed": [],
                    "provider": ""
                },
                "data.template_file.env_vars.4": {
                    "type": "template_file",
                    "depends_on": [],
                    "primary": {
                        "id": "b19ef24a2603fd7072361ecd99cd745b46b8e3340cd95ed69ac6b958fbf29cd1",
                        "attributes": {
                            "id": "b19ef24a2603fd7072361ecd99cd745b46b8e3340cd95ed69ac6b958fbf29cd1",
                            "rendered": "    - MONGO_HOST=172.26.112.206/toggle\n",
                            "template": "    - MONGO_HOST=172.26.112.206/toggle\n"
                        },
                        "meta": {},
                        "tainted": false
                    },
                    "deposed": [],
                    "provider": ""
                },
                "data.template_file.env_vars.5": {
                    "type": "template_file",
                    "depends_on": [],
                    "primary": {
                        "id": "2c73717b3daa79e6af5e3be19b842662dd4663862dedd5da3c5a2359f330b844",
                        "attributes": {
                            "id": "2c73717b3daa79e6af5e3be19b842662dd4663862dedd5da3c5a2359f330b844",
                            "rendered": "    - MONGO_PASSWORD_SECRET_KEY=mongoPassword\n",
                            "template": "    - MONGO_PASSWORD_SECRET_KEY=mongoPassword\n"
                        },
                        "meta": {},
                        "tainted": false
                    },
                    "deposed": [],
                    "provider": ""
                },
                "data.template_file.env_vars.6": {
                    "type": "template_file",
                    "depends_on": [],
                    "primary": {
                        "id": "cee22ff50cb2346bc1f02ab10b7a3ca6b4ac8a54736c1b26cf3600517134e42c",
                        "attributes": {
                            "id": "cee22ff50cb2346bc1f02ab10b7a3ca6b4ac8a54736c1b26cf3600517134e42c",
                            "rendered": "    - MONGO_USER=username\n",
                            "template": "    - MONGO_USER=username\n"
                        },
                        "meta": {},
                        "tainted": false
                    },
                    "deposed": [],
                    "provider": ""
                },
                "data.template_file.env_vars.7": {
                    "type": "template_file",
                    "depends_on": [],
                    "primary": {
                        "id": "80482439f0f6fb8389cc0059c82e94053697637786c5d63c60e316c148ffa0ef",
                        "attributes": {
                            "id": "80482439f0f6fb8389cc0059c82e94053697637786c5d63c60e316c148ffa0ef",
                            "rendered": "    - NEW_RELIC_APP_NAME=toggle-service-O5A-STQA\n",
                            "template": "    - NEW_RELIC_APP_NAME=toggle-service-O5A-STQA\n"
                        },
                        "meta": {},
                        "tainted": false
                    },
                    "deposed": [],
                    "provider": ""
                },
                "data.template_file.env_vars.8": {
                    "type": "template_file",
                    "depends_on": [],
                    "primary": {
                        "id": "e2fe1b7560b46de084f532e0dec8008528aa15410d402285918a3eae752ebec1",
                        "attributes": {
                            "id": "e2fe1b7560b46de084f532e0dec8008528aa15410d402285918a3eae752ebec1",
                            "rendered": "    - NEW_RELIC_LICENSE_KEY=19f2e2cc71772759d57de1e3bf7c03a4e0353c4e\n",
                            "template": "    - NEW_RELIC_LICENSE_KEY=19f2e2cc71772759d57de1e3bf7c03a4e0353c4e\n"
                        },
                        "meta": {},
                        "tainted": false
                    },
                    "deposed": [],
                    "provider": ""
                },
                "data.template_file.userdata": {
                    "type": "template_file",
                    "depends_on": [
                        "data.template_file.docker-compose"
                    ],
                    "primary": {
                        "id": "c803a3dfff0915989729e3f69ef0628794e3c01af31674be2cf9d2b85f05787e",
                        "attributes": {
                            "id": "c803a3dfff0915989729e3f69ef0628794e3c01af31674be2cf9d2b85f05787e",
                            "rendered": "#!/bin/bash -v\n\n# Run app\nARTIFACTORY_PWD=$(aws ssm get-parameters --names artifactory2.password --with-decryption --region us-east-1 | jq -r .\"Parameters[0].Value\")\nARTIFACTORY_USERNAME=$(aws ssm get-parameters --names artifactory2.username --with-decryption --region us-east-1 | jq -r .\"Parameters[0].Value\")\n\nuntil docker login -u $ARTIFACTORY_USERNAME -p $ARTIFACTORY_PWD hbc-docker.jfrog.io; do sleep 2; done\n\necho \"version: '3'\nservices:\n  toggle-service:\n    container_name: toggle-service\n    image: hbc-docker.jfrog.io/toggle-service:1.2.0\n    restart: always\n    ports:\n      - 9860:9860\n    environment:\n    - APP_NAME=toggle-service\n    - HBC_BANNER=o5a\n    - HBC_ENV=stqa\n    - MONGO_DB_NAME=toggle\n    - MONGO_HOST=172.26.112.206/toggle\n    - MONGO_PASSWORD_SECRET_KEY=mongoPassword\n    - MONGO_USER=username\n    - NEW_RELIC_APP_NAME=toggle-service-O5A-STQA\n    - NEW_RELIC_LICENSE_KEY=19f2e2cc71772759d57de1e3bf7c03a4e0353c4e\n\n    logging:\n        driver: awslogs\n        options:\n          awslogs-region: us-east-1\n          awslogs-group: toggle-service-O5A-STQA-live\n          tag: rogue-squadron-stqa\n\" \u003e docker-compose.yml\nuntil /usr/local/bin/docker-compose up -d; do sleep 2; done\n\n",
                            "template": "#!/bin/bash -v\n\n# Run app\nARTIFACTORY_PWD=$(aws ssm get-parameters --names artifactory2.password --with-decryption --region us-east-1 | jq -r .\"Parameters[0].Value\")\nARTIFACTORY_USERNAME=$(aws ssm get-parameters --names artifactory2.username --with-decryption --region us-east-1 | jq -r .\"Parameters[0].Value\")\n\nuntil docker login -u $ARTIFACTORY_USERNAME -p $ARTIFACTORY_PWD hbc-docker.jfrog.io; do sleep 2; done\n\necho \"${docker_compose}\" \u003e docker-compose.yml\nuntil /usr/local/bin/docker-compose up -d; do sleep 2; done\n\n",
                            "vars.%": "2",
                            "vars.aws_region": "us-east-1",
                            "vars.docker_compose": "version: '3'\nservices:\n  toggle-service:\n    container_name: toggle-service\n    image: hbc-docker.jfrog.io/toggle-service:1.2.0\n    restart: always\n    ports:\n      - 9860:9860\n    environment:\n    - APP_NAME=toggle-service\n    - HBC_BANNER=o5a\n    - HBC_ENV=stqa\n    - MONGO_DB_NAME=toggle\n    - MONGO_HOST=172.26.112.206/toggle\n    - MONGO_PASSWORD_SECRET_KEY=mongoPassword\n    - MONGO_USER=username\n    - NEW_RELIC_APP_NAME=toggle-service-O5A-STQA\n    - NEW_RELIC_LICENSE_KEY=19f2e2cc71772759d57de1e3bf7c03a4e0353c4e\n\n    logging:\n        driver: awslogs\n        options:\n          awslogs-region: us-east-1\n          awslogs-group: toggle-service-O5A-STQA-live\n          tag: rogue-squadron-stqa\n"
                        },
                        "meta": {},
                        "tainted": false
                    },
                    "deposed": [],
                    "provider": ""
                }
            },
            "depends_on": []
        }
    ]
}
